{
  "version": 2,
  "dependencies": {
    "net10.0": {
      "McMaster.Extensions.Hosting.CommandLine": {
        "type": "Direct",
        "requested": "[4.1.1, )",
        "resolved": "4.1.1",
        "contentHash": "+a37L3hHZC2KG1sbwdzTGlUWIJWYQv/9I4dLnrC0OVusR/665hkewjlz1jiAKa8jYbve4GTSZsRCoVXcSFFrdA==",
        "dependencies": {
          "McMaster.Extensions.CommandLineUtils": "4.1.1",
          "Microsoft.Extensions.Hosting.Abstractions": "6.0.0",
          "Microsoft.Extensions.Logging.Abstractions": "6.0.0"
        }
      },
      "Microsoft.Extensions.Hosting": {
        "type": "Direct",
        "requested": "[10.0.0-rc.2.25502.107, )",
        "resolved": "10.0.0-rc.2.25502.107",
        "contentHash": "NJdwFTRku1adkA+WRSzZNzVynCptu0wyVTTRZ4cmOUIobqzA+e5EJFSxliGuIbAF6NYffv7jDqEC88N0KtrdYA==",
        "dependencies": {
          "Microsoft.Extensions.Configuration": "10.0.0-rc.2.25502.107",
          "Microsoft.Extensions.Configuration.Abstractions": "10.0.0-rc.2.25502.107",
          "Microsoft.Extensions.Configuration.Binder": "10.0.0-rc.2.25502.107",
          "Microsoft.Extensions.Configuration.CommandLine": "10.0.0-rc.2.25502.107",
          "Microsoft.Extensions.Configuration.EnvironmentVariables": "10.0.0-rc.2.25502.107",
          "Microsoft.Extensions.Configuration.FileExtensions": "10.0.0-rc.2.25502.107",
          "Microsoft.Extensions.Configuration.Json": "10.0.0-rc.2.25502.107",
          "Microsoft.Extensions.Configuration.UserSecrets": "10.0.0-rc.2.25502.107",
          "Microsoft.Extensions.DependencyInjection": "10.0.0-rc.2.25502.107",
          "Microsoft.Extensions.DependencyInjection.Abstractions": "10.0.0-rc.2.25502.107",
          "Microsoft.Extensions.Diagnostics": "10.0.0-rc.2.25502.107",
          "Microsoft.Extensions.FileProviders.Abstractions": "10.0.0-rc.2.25502.107",
          "Microsoft.Extensions.FileProviders.Physical": "10.0.0-rc.2.25502.107",
          "Microsoft.Extensions.Hosting.Abstractions": "10.0.0-rc.2.25502.107",
          "Microsoft.Extensions.Logging": "10.0.0-rc.2.25502.107",
          "Microsoft.Extensions.Logging.Abstractions": "10.0.0-rc.2.25502.107",
          "Microsoft.Extensions.Logging.Configuration": "10.0.0-rc.2.25502.107",
          "Microsoft.Extensions.Logging.Console": "10.0.0-rc.2.25502.107",
          "Microsoft.Extensions.Logging.Debug": "10.0.0-rc.2.25502.107",
          "Microsoft.Extensions.Logging.EventLog": "10.0.0-rc.2.25502.107",
          "Microsoft.Extensions.Logging.EventSource": "10.0.0-rc.2.25502.107",
          "Microsoft.Extensions.Options": "10.0.0-rc.2.25502.107"
        }
      },
      "NuGet.Protocol": {
        "type": "Direct",
        "requested": "[6.14.0, )",
        "resolved": "6.14.0",
        "contentHash": "hYk9j/ZKErdiK0tFaqsrRtT5q+sJ2VjCUrgFCQG2wGhAlmb8YaBzYLOGDvRdFwuvTi5I+KRuVHPqhc010Np1Bg==",
        "dependencies": {
          "NuGet.Packaging": "6.14.0"
        }
      },
      "System.Security.Cryptography.Pkcs": {
        "type": "Direct",
        "requested": "[9.0.9, )",
        "resolved": "9.0.9",
        "contentHash": "Y7/wY5lqrzJOu53yLFLPGaeKBcdWNw193udOFRB2joFDVpXLkmfPpfgks7dEIJYPIrW4k3onwR+4nQz6vIaaqA=="
      },
      "TomsToolbox.Composition.Analyzer": {
        "type": "Direct",
        "requested": "[2.22.2, )",
        "resolved": "2.22.2",
        "contentHash": "7gYo8ZR2eq3XkrilvUpLbTypeZy6IlD5FB8jah0YPhMOmDGhya4jJ3kfDMTTRt5m258Ou78P69mHMkG6DKZXsg=="
      },
      "Microsoft.Extensions.Configuration.Abstractions": {
        "type": "Transitive",
        "resolved": "10.0.0-rc.2.25502.107",
        "contentHash": "H+i/Qy30Rg/K9BcW2Z6DCHPCzwMH3bCwNOjEz31shWTUDK8GeeeMnrKVusprTcRA2Y6yPST+hg2zc3whPEs14Q==",
        "dependencies": {
          "Microsoft.Extensions.Primitives": "10.0.0-rc.2.25502.107"
        }
      },
      "Microsoft.Extensions.Configuration.Binder": {
        "type": "Transitive",
        "resolved": "10.0.0-rc.2.25502.107",
        "contentHash": "aA6/V6lw1Gueyb1PqhHAl/i/qUUuv+Fusfk4oaMOzzOjspBkYtPpNHCmml/0t1x0/DnZoed+u2WwpP+mSwd8Dg==",
        "dependencies": {
          "Microsoft.Extensions.Configuration": "10.0.0-rc.2.25502.107",
          "Microsoft.Extensions.Configuration.Abstractions": "10.0.0-rc.2.25502.107"
        }
      },
      "Microsoft.Extensions.Configuration.CommandLine": {
        "type": "Transitive",
        "resolved": "10.0.0-rc.2.25502.107",
        "contentHash": "sNsznxpgL7oNki7Q1AbaCD6PQcXBBeeasQNze76GZ4PfXEpKrEeWHdMxt1oRK7N+sz1vryDHSLo8cunH9zAaJQ==",
        "dependencies": {
          "Microsoft.Extensions.Configuration": "10.0.0-rc.2.25502.107",
          "Microsoft.Extensions.Configuration.Abstractions": "10.0.0-rc.2.25502.107"
        }
      },
      "Microsoft.Extensions.Configuration.EnvironmentVariables": {
        "type": "Transitive",
        "resolved": "10.0.0-rc.2.25502.107",
        "contentHash": "2SV60IUAWfluZv2YHNZ+nUOljYHGIsy96FpJs+N9/bgKDYs9qr6DdzPeIhiHrz+XvRzbybvcwtTBf5dKrYN4oA==",
        "dependencies": {
          "Microsoft.Extensions.Configuration": "10.0.0-rc.2.25502.107",
          "Microsoft.Extensions.Configuration.Abstractions": "10.0.0-rc.2.25502.107"
        }
      },
      "Microsoft.Extensions.Configuration.FileExtensions": {
        "type": "Transitive",
        "resolved": "10.0.0-rc.2.25502.107",
        "contentHash": "5KrgXSTFR8cFLmDXXoT7GLVvDyHNw0Z9xG4doD78Q/HdlAR4jiMzmLLS9GFXrPGopmC6qqEZr2VBJHEu16INcA==",
        "dependencies": {
          "Microsoft.Extensions.Configuration": "10.0.0-rc.2.25502.107",
          "Microsoft.Extensions.Configuration.Abstractions": "10.0.0-rc.2.25502.107",
          "Microsoft.Extensions.FileProviders.Abstractions": "10.0.0-rc.2.25502.107",
          "Microsoft.Extensions.FileProviders.Physical": "10.0.0-rc.2.25502.107",
          "Microsoft.Extensions.Primitives": "10.0.0-rc.2.25502.107"
        }
      },
      "Microsoft.Extensions.Configuration.UserSecrets": {
        "type": "Transitive",
        "resolved": "10.0.0-rc.2.25502.107",
        "contentHash": "rXyqWj+ew+E+mqMxKkQAUPCSOsUexTSHdbSaAOnEi4ODsNKvI8nsmFagt8GeFDJcAz57zuoq8qrGbCbgsC0uYg==",
        "dependencies": {
          "Microsoft.Extensions.Configuration.Abstractions": "10.0.0-rc.2.25502.107",
          "Microsoft.Extensions.Configuration.Json": "10.0.0-rc.2.25502.107",
          "Microsoft.Extensions.FileProviders.Abstractions": "10.0.0-rc.2.25502.107",
          "Microsoft.Extensions.FileProviders.Physical": "10.0.0-rc.2.25502.107"
        }
      },
      "Microsoft.Extensions.DependencyInjection": {
        "type": "Transitive",
        "resolved": "10.0.0-rc.2.25502.107",
        "contentHash": "mDw80K98jBWCyLFCra51PRv+Ttnjse1lZIzXEFybKby0/ajBFTEeHj/4r/QJexmb8Uun0yaFH1HlFtmHP1YEVA==",
        "dependencies": {
          "Microsoft.Extensions.DependencyInjection.Abstractions": "10.0.0-rc.2.25502.107"
        }
      },
      "Microsoft.Extensions.Diagnostics": {
        "type": "Transitive",
        "resolved": "10.0.0-rc.2.25502.107",
        "contentHash": "tQfQFXI+ZQcL2RzDarDLx3Amh0WCp1KPGp1ie3y/CMV5hDhEq98WTmcMoXrFY0GkYLEaCQlVi2A6qVLcooG2Ow==",
        "dependencies": {
          "Microsoft.Extensions.Configuration": "10.0.0-rc.2.25502.107",
          "Microsoft.Extensions.Diagnostics.Abstractions": "10.0.0-rc.2.25502.107",
          "Microsoft.Extensions.Options.ConfigurationExtensions": "10.0.0-rc.2.25502.107"
        }
      },
      "Microsoft.Extensions.Diagnostics.Abstractions": {
        "type": "Transitive",
        "resolved": "10.0.0-rc.2.25502.107",
        "contentHash": "x6XVv3RiwOlN2unjyX/Zat0gI0HiRoDDdjkwBCwsMftYWpbJu4SiyRwDbrv2zAF8v8nbEEvcWi3/pUxZfaqLQw==",
        "dependencies": {
          "Microsoft.Extensions.DependencyInjection.Abstractions": "10.0.0-rc.2.25502.107",
          "Microsoft.Extensions.Options": "10.0.0-rc.2.25502.107"
        }
      },
      "Microsoft.Extensions.FileProviders.Abstractions": {
        "type": "Transitive",
        "resolved": "10.0.0-rc.2.25502.107",
        "contentHash": "dOpmW14MkOZIwV6269iXhoMp6alCHBoxqCR4pJ37GLjFaBIyzsIy+Ra8tsGmjHtFvEHKq0JRDIsb1PUkrK+yxw==",
        "dependencies": {
          "Microsoft.Extensions.Primitives": "10.0.0-rc.2.25502.107"
        }
      },
      "Microsoft.Extensions.FileProviders.Physical": {
        "type": "Transitive",
        "resolved": "10.0.0-rc.2.25502.107",
        "contentHash": "3+RiR6TEakDL0dCUqR7PjFffyrVMLdx/vAVBiN1mGmwScKYCTePIkYVkWsX85CTKh7R9J4M9C1MHzVdjbKcg3g==",
        "dependencies": {
          "Microsoft.Extensions.FileProviders.Abstractions": "10.0.0-rc.2.25502.107",
          "Microsoft.Extensions.FileSystemGlobbing": "10.0.0-rc.2.25502.107",
          "Microsoft.Extensions.Primitives": "10.0.0-rc.2.25502.107"
        }
      },
      "Microsoft.Extensions.FileSystemGlobbing": {
        "type": "Transitive",
        "resolved": "10.0.0-rc.2.25502.107",
        "contentHash": "XtcPOKB7sMFzj8SxaOglZV3eaqZ1GxUMVZTwaz4pRpBt0S45ghb836uUej4YaI8EzsnUJoqzOIKrTW4CDJMfVw=="
      },
      "Microsoft.Extensions.Hosting.Abstractions": {
        "type": "Transitive",
        "resolved": "10.0.0-rc.2.25502.107",
        "contentHash": "M6zqZFbqjdCx8g5Y2XZKTfYfS0gAh4uJkmdAq/ZRDrpIr3Nd+u74allmw15jX1kM61IXM49EnTbhMzlWw5pGVQ==",
        "dependencies": {
          "Microsoft.Extensions.Configuration.Abstractions": "10.0.0-rc.2.25502.107",
          "Microsoft.Extensions.DependencyInjection.Abstractions": "10.0.0-rc.2.25502.107",
          "Microsoft.Extensions.Diagnostics.Abstractions": "10.0.0-rc.2.25502.107",
          "Microsoft.Extensions.FileProviders.Abstractions": "10.0.0-rc.2.25502.107",
          "Microsoft.Extensions.Logging.Abstractions": "10.0.0-rc.2.25502.107"
        }
      },
      "Microsoft.Extensions.Logging": {
        "type": "Transitive",
        "resolved": "10.0.0-rc.2.25502.107",
        "contentHash": "q2C5gq86qkTmcYSJJSnw8sgTUyuqENYSOjk/NOYjHnYlKSrK3oI9Rjv1bWFpx2I3Btq9ZBEJb9aMM+IUQ0PvZA==",
        "dependencies": {
          "Microsoft.Extensions.DependencyInjection": "10.0.0-rc.2.25502.107",
          "Microsoft.Extensions.Logging.Abstractions": "10.0.0-rc.2.25502.107",
          "Microsoft.Extensions.Options": "10.0.0-rc.2.25502.107"
        }
      },
      "Microsoft.Extensions.Logging.Abstractions": {
        "type": "Transitive",
        "resolved": "10.0.0-rc.2.25502.107",
        "contentHash": "SKKKZjyCpBaDQ7yuFjdk6ELnRBRWeZsbnzUfo59Wc4PGhgf92chE3we/QlT6nk6NqlWcUgH/jogM+B/uq/Qdnw==",
        "dependencies": {
          "Microsoft.Extensions.DependencyInjection.Abstractions": "10.0.0-rc.2.25502.107"
        }
      },
      "Microsoft.Extensions.Logging.Configuration": {
        "type": "Transitive",
        "resolved": "10.0.0-rc.2.25502.107",
        "contentHash": "dNb9DF+8IQNjr75dh6AwEfl7GcpW2gMycXLmCGBKCqAE2y4XBkazoNfJebCjUvb5L2gOUSxMpH1nu0gX+guGUQ==",
        "dependencies": {
          "Microsoft.Extensions.Configuration": "10.0.0-rc.2.25502.107",
          "Microsoft.Extensions.Configuration.Abstractions": "10.0.0-rc.2.25502.107",
          "Microsoft.Extensions.Configuration.Binder": "10.0.0-rc.2.25502.107",
          "Microsoft.Extensions.DependencyInjection.Abstractions": "10.0.0-rc.2.25502.107",
          "Microsoft.Extensions.Logging": "10.0.0-rc.2.25502.107",
          "Microsoft.Extensions.Logging.Abstractions": "10.0.0-rc.2.25502.107",
          "Microsoft.Extensions.Options": "10.0.0-rc.2.25502.107",
          "Microsoft.Extensions.Options.ConfigurationExtensions": "10.0.0-rc.2.25502.107"
        }
      },
      "Microsoft.Extensions.Logging.Console": {
        "type": "Transitive",
        "resolved": "10.0.0-rc.2.25502.107",
        "contentHash": "L073Ay6KhALchtPUtqlD79hJVdZ6TIzpTHLaIHjQvi2s6+/Bqs38jTQX4reVVm7pHKH89SqcecTmkk/18Qdqmw==",
        "dependencies": {
          "Microsoft.Extensions.DependencyInjection.Abstractions": "10.0.0-rc.2.25502.107",
          "Microsoft.Extensions.Logging": "10.0.0-rc.2.25502.107",
          "Microsoft.Extensions.Logging.Abstractions": "10.0.0-rc.2.25502.107",
          "Microsoft.Extensions.Logging.Configuration": "10.0.0-rc.2.25502.107",
          "Microsoft.Extensions.Options": "10.0.0-rc.2.25502.107"
        }
      },
      "Microsoft.Extensions.Logging.Debug": {
        "type": "Transitive",
        "resolved": "10.0.0-rc.2.25502.107",
        "contentHash": "Cf+v1NjRS2XP06mW14zzb9j4zUyQj5VW99L49OGmY8RH+beVZvpSNvtvsbM/NgvoTuAxlkwuVCdeGPuTqBbt0g==",
        "dependencies": {
          "Microsoft.Extensions.DependencyInjection.Abstractions": "10.0.0-rc.2.25502.107",
          "Microsoft.Extensions.Logging": "10.0.0-rc.2.25502.107",
          "Microsoft.Extensions.Logging.Abstractions": "10.0.0-rc.2.25502.107"
        }
      },
      "Microsoft.Extensions.Logging.EventLog": {
        "type": "Transitive",
        "resolved": "10.0.0-rc.2.25502.107",
        "contentHash": "ZxKj6Om71YkBJNP4fQKZbxyiyr4TubHLTa/CzrZn2OfPGowA1m1nBQsUPyf+koUD1mN2I745cllMpu8Rno+7rw==",
        "dependencies": {
          "Microsoft.Extensions.DependencyInjection.Abstractions": "10.0.0-rc.2.25502.107",
          "Microsoft.Extensions.Logging": "10.0.0-rc.2.25502.107",
          "Microsoft.Extensions.Logging.Abstractions": "10.0.0-rc.2.25502.107",
          "Microsoft.Extensions.Options": "10.0.0-rc.2.25502.107",
          "System.Diagnostics.EventLog": "10.0.0-rc.2.25502.107"
        }
      },
      "Microsoft.Extensions.Logging.EventSource": {
        "type": "Transitive",
        "resolved": "10.0.0-rc.2.25502.107",
        "contentHash": "XHvcoFtV6Yr1LEiEfxSyfLQoIOM0FUKSEP7rsZQA395FPAQPq4Ktp8EyZph7231NUblnLX3wXgUECnYMk1ZKZA==",
        "dependencies": {
          "Microsoft.Extensions.DependencyInjection.Abstractions": "10.0.0-rc.2.25502.107",
          "Microsoft.Extensions.Logging": "10.0.0-rc.2.25502.107",
          "Microsoft.Extensions.Logging.Abstractions": "10.0.0-rc.2.25502.107",
          "Microsoft.Extensions.Options": "10.0.0-rc.2.25502.107",
          "Microsoft.Extensions.Primitives": "10.0.0-rc.2.25502.107"
        }
      },
      "Microsoft.Extensions.Options": {
        "type": "Transitive",
        "resolved": "10.0.0-rc.2.25502.107",
        "contentHash": "Ib6BCCjisp7ZUdhtNpSulFO0ODhz/IE4ZZd8OCqQWoRs363BQ0QOZi9KwpqpiEWo51S0kIXWqNicDPGXwpt9pQ==",
        "dependencies": {
          "Microsoft.Extensions.DependencyInjection.Abstractions": "10.0.0-rc.2.25502.107",
          "Microsoft.Extensions.Primitives": "10.0.0-rc.2.25502.107"
        }
      },
      "Microsoft.Extensions.Options.ConfigurationExtensions": {
        "type": "Transitive",
        "resolved": "10.0.0-rc.2.25502.107",
        "contentHash": "MFbT8+JKX49YCXEFvlZDzQzI/R3QKzRZlb4dSud+569cMgA9hWbndjWWvOgGASoRcXynGRrBSq1Bw3PeCsB5/Q==",
        "dependencies": {
          "Microsoft.Extensions.Configuration.Abstractions": "10.0.0-rc.2.25502.107",
          "Microsoft.Extensions.Configuration.Binder": "10.0.0-rc.2.25502.107",
          "Microsoft.Extensions.DependencyInjection.Abstractions": "10.0.0-rc.2.25502.107",
          "Microsoft.Extensions.Options": "10.0.0-rc.2.25502.107",
          "Microsoft.Extensions.Primitives": "10.0.0-rc.2.25502.107"
        }
      },
      "Microsoft.Extensions.Primitives": {
        "type": "Transitive",
        "resolved": "10.0.0-rc.2.25502.107",
        "contentHash": "9pm2zqqn5u/OsKs2zgkhJEQQeMx9KkVOWPdHrs7Kt5sfpk+eIh/gmpi/mMH/ljS2T/PFsFdCEtm+GS/6l7zoZA=="
      },
      "Newtonsoft.Json": {
        "type": "Transitive",
        "resolved": "13.0.3",
        "contentHash": "HrC5BXdl00IP9zeV+0Z848QWPAoCr9P3bDEZguI+gkLcBKAOxix/tLEAAHC+UvDNPv4a2d18lOReHMOagPa+zQ=="
      },
      "NuGet.Common": {
        "type": "Transitive",
        "resolved": "6.14.0",
        "contentHash": "E+IyoDez4kPrjNPYp41fScowTuSjGifXfjrtU9p9XlQDOGig6vrikQDCMeo6BT6YmT9vUZ+Tb1CX8ru8z0bkNg==",
        "dependencies": {
          "NuGet.Frameworks": "6.14.0",
          "System.Collections.Immutable": "8.0.0"
        }
      },
      "NuGet.Configuration": {
        "type": "Transitive",
        "resolved": "6.14.0",
        "contentHash": "YwoF+Nm0IGdNP/LQ97xysCQlhy4oWIzD4oGcbvz5bQGogPrqn/5lSGwP8llmVv+zfJ6tZZDAT9vh4Q+gH0Aqqg==",
        "dependencies": {
          "NuGet.Common": "6.14.0",
          "System.Security.Cryptography.ProtectedData": "4.4.0"
        }
      },
      "NuGet.Frameworks": {
        "type": "Transitive",
        "resolved": "6.14.0",
        "contentHash": "xZ37J58DQAkVUX29qoMwla26iBYRScdcfSGNe1FIZjCX1tpafN9n7TinrkRxaJqYzW0D8Ob8a3eRSYhwEUauCA=="
      },
      "NuGet.Packaging": {
        "type": "Transitive",
        "resolved": "6.14.0",
        "contentHash": "BpQlGpkuAhrh6x00mGvwK13a5c30vX3FYQbWI11LIyXl/nWmoOQSZrB3yEAh9ihibeGo8SunWZBGXvkkJUxbEg==",
        "dependencies": {
          "Newtonsoft.Json": "13.0.3",
          "NuGet.Configuration": "6.14.0",
          "NuGet.Versioning": "6.14.0",
          "System.Security.Cryptography.Pkcs": "6.0.4"
        }
      },
      "NuGet.Versioning": {
        "type": "Transitive",
        "resolved": "6.14.0",
        "contentHash": "4v4blkhCv8mpKtfx+z0G/X0daVCzdIaHSC51GkUspugi5JIMn2Bo8xm5PdZYF0U68gOBfz/+aPWMnpRd85Jbow=="
      },
      "System.ComponentModel.Annotations": {
        "type": "Transitive",
        "resolved": "5.0.0",
        "contentHash": "dMkqfy2el8A8/I76n2Hi1oBFEbG1SfxD2l5nhwXV3XjlnOmwxJlQbYpJH4W51odnU9sARCSAgv7S3CyAFMkpYg=="
      },
      "System.Diagnostics.EventLog": {
        "type": "Transitive",
        "resolved": "10.0.0-rc.2.25502.107",
        "contentHash": "4l2ZRyhFBiLAjAKo03MShDsK5kaPFmPYuJP3a3oNrHvkIl+2y3sIN3B/v8k/kINUag6Ux2dDhLu7bM63Wfsm2w=="
      },
      "System.Security.Cryptography.ProtectedData": {
        "type": "Transitive",
        "resolved": "4.4.0",
        "contentHash": "cJV7ScGW7EhatRsjehfvvYVBvtiSMKgN8bOVI0bQhnF5bU7vnHVIsH49Kva7i7GWaWYvmEzkYVk1TC+gZYBEog=="
      },
      "icsharpcode.decompiler": {
        "type": "Project",
        "dependencies": {
          "System.Collections.Immutable": "[9.0.0, )",
          "System.Reflection.Metadata": "[9.0.0, )"
        }
      },
      "icsharpcode.ilspyx": {
        "type": "Project",
        "dependencies": {
          "ICSharpCode.Decompiler": "[8.0.0-noversion, )",
          "K4os.Compression.LZ4": "[1.3.8, )",
          "Mono.Cecil": "[0.11.6, )",
          "System.Composition.AttributedModel": "[10.0.0-rc.2.25502.107, )",
          "System.Reflection.Metadata": "[10.0.0-rc.2.25502.107, )",
          "System.Runtime.CompilerServices.Unsafe": "[6.1.2, )"
        }
      },
      "K4os.Compression.LZ4": {
        "type": "CentralTransitive",
        "requested": "[1.3.8, )",
        "resolved": "1.3.8",
        "contentHash": "LhwlPa7c1zs1OV2XadMtAWdImjLIsqFJPoRcIWAadSRn0Ri1DepK65UbWLPmt4riLqx2d40xjXRk0ogpqNtK7g=="
      },
      "McMaster.Extensions.CommandLineUtils": {
        "type": "CentralTransitive",
        "requested": "[4.1.1, )",
        "resolved": "4.1.1",
        "contentHash": "zxgDY+G5yVq2q8sVB3Z275Qkxed1jC95nwAfnlSyoG4l5Nicvd4+ke1jXusEZEfyuErlAgXCKS937c13FmZWBg==",
        "dependencies": {
          "System.ComponentModel.Annotations": "5.0.0"
        }
      },
      "Microsoft.Extensions.Configuration": {
        "type": "CentralTransitive",
        "requested": "[10.0.0-rc.2.25502.107, )",
        "resolved": "10.0.0-rc.2.25502.107",
        "contentHash": "273Ggibh3DdVrj47ENbUGIirOiqmLTAizpkvOD584Ps6NL/CMXPzesijnJgsjp7Fv/UCp69FKYBaSxZZ3q5R9g==",
        "dependencies": {
          "Microsoft.Extensions.Configuration.Abstractions": "10.0.0-rc.2.25502.107",
          "Microsoft.Extensions.Primitives": "10.0.0-rc.2.25502.107"
        }
      },
      "Microsoft.Extensions.Configuration.Json": {
        "type": "CentralTransitive",
        "requested": "[10.0.0-rc.2.25502.107, )",
        "resolved": "10.0.0-rc.2.25502.107",
        "contentHash": "USwHuFz4BFKoaqSydHWH/d7Mr+fVsAh9S0S9pdsdHro1IixMbqQ9Gpo2sEZf25e3tZSq/ts6XsVmrQWmxmDhYA==",
        "dependencies": {
          "Microsoft.Extensions.Configuration": "10.0.0-rc.2.25502.107",
          "Microsoft.Extensions.Configuration.Abstractions": "10.0.0-rc.2.25502.107",
          "Microsoft.Extensions.Configuration.FileExtensions": "10.0.0-rc.2.25502.107",
          "Microsoft.Extensions.FileProviders.Abstractions": "10.0.0-rc.2.25502.107"
        }
      },
      "Microsoft.Extensions.DependencyInjection.Abstractions": {
        "type": "CentralTransitive",
        "requested": "[10.0.0-rc.2.25502.107, )",
        "resolved": "10.0.0-rc.2.25502.107",
        "contentHash": "8jujunpkNNfTkE9PFHp9/aD6GPKVfNCuz8tUbzOcyU5tQOCoIZId4hwQNVx3Tb8XEWw9BYdh0k5vPpqdCM+UtA=="
      },
      "Mono.Cecil": {
        "type": "CentralTransitive",
        "requested": "[0.11.6, )",
        "resolved": "0.11.6",
        "contentHash": "f33RkDtZO8VlGXCtmQIviOtxgnUdym9xx/b1p9h91CRGOsJFxCFOFK1FDbVt1OCf1aWwYejUFa2MOQyFWTFjbA=="
      },
      "System.Collections.Immutable": {
        "type": "CentralTransitive",
        "requested": "[10.0.0-rc.2.25502.107, )",
        "resolved": "9.0.0",
        "contentHash": "QhkXUl2gNrQtvPmtBTQHb0YsUrDiDQ2QS09YbtTTiSjGcf7NBqtYbrG/BE06zcBPCKEwQGzIv13IVdXNOSub2w=="
      },
      "System.Composition.AttributedModel": {
        "type": "CentralTransitive",
        "requested": "[10.0.0-rc.2.25502.107, )",
        "resolved": "10.0.0-rc.2.25502.107",
        "contentHash": "Q03EIsPgC9P9Fo23ONEbrITxHYnDU2AkDKnU7KTuWKMBJcICi7h3dxJGUbJWwx1ntx8HKLynMqMLDjqZh78+ew=="
      },
      "System.Reflection.Metadata": {
        "type": "CentralTransitive",
        "requested": "[10.0.0-rc.2.25502.107, )",
        "resolved": "10.0.0-rc.2.25502.107",
        "contentHash": "vKEXy1q3+Y6NvUNRaMAqhRrUY6tCatLu4Ukza5hdVYzolQlxgJQTFyC1QD8kjNBjAP7esHJekhEkUI/DOfvT4A=="
      },
      "System.Runtime.CompilerServices.Unsafe": {
        "type": "CentralTransitive",
        "requested": "[6.1.2, )",
        "resolved": "6.1.2",
        "contentHash": "2hBr6zdbIBTDE3EhK7NSVNdX58uTK6iHW/P/Axmm9sl1xoGSLqDvMtpecn226TNwHByFokYwJmt/aQQNlO5CRw=="
      }
    }
  }
}