{
  "version": 2,
  "dependencies": {
    "net10.0": {
      "McMaster.Extensions.Hosting.CommandLine": {
        "type": "Direct",
        "requested": "[4.1.1, )",
        "resolved": "4.1.1",
        "contentHash": "+a37L3hHZC2KG1sbwdzTGlUWIJWYQv/9I4dLnrC0OVusR/665hkewjlz1jiAKa8jYbve4GTSZsRCoVXcSFFrdA==",
        "dependencies": {
          "McMaster.Extensions.CommandLineUtils": "4.1.1",
          "Microsoft.Extensions.Hosting.Abstractions": "6.0.0",
          "Microsoft.Extensions.Logging.Abstractions": "6.0.0"
        }
      },
      "Microsoft.Extensions.Hosting": {
        "type": "Direct",
        "requested": "[10.0.0-rc.1.25451.107, )",
        "resolved": "10.0.0-rc.1.25451.107",
        "contentHash": "MSxUXg8ZrySaprKTWT/nPXHo1JW9TcLuTb0E3DtQ0DRK8KJKkYJhvvbLWKHUZ/vyvMcL4Msp0jbnZQ4ywTdWdQ==",
        "dependencies": {
          "Microsoft.Extensions.Configuration": "10.0.0-rc.1.25451.107",
          "Microsoft.Extensions.Configuration.Abstractions": "10.0.0-rc.1.25451.107",
          "Microsoft.Extensions.Configuration.Binder": "10.0.0-rc.1.25451.107",
          "Microsoft.Extensions.Configuration.CommandLine": "10.0.0-rc.1.25451.107",
          "Microsoft.Extensions.Configuration.EnvironmentVariables": "10.0.0-rc.1.25451.107",
          "Microsoft.Extensions.Configuration.FileExtensions": "10.0.0-rc.1.25451.107",
          "Microsoft.Extensions.Configuration.Json": "10.0.0-rc.1.25451.107",
          "Microsoft.Extensions.Configuration.UserSecrets": "10.0.0-rc.1.25451.107",
          "Microsoft.Extensions.DependencyInjection": "10.0.0-rc.1.25451.107",
          "Microsoft.Extensions.DependencyInjection.Abstractions": "10.0.0-rc.1.25451.107",
          "Microsoft.Extensions.Diagnostics": "10.0.0-rc.1.25451.107",
          "Microsoft.Extensions.FileProviders.Abstractions": "10.0.0-rc.1.25451.107",
          "Microsoft.Extensions.FileProviders.Physical": "10.0.0-rc.1.25451.107",
          "Microsoft.Extensions.Hosting.Abstractions": "10.0.0-rc.1.25451.107",
          "Microsoft.Extensions.Logging": "10.0.0-rc.1.25451.107",
          "Microsoft.Extensions.Logging.Abstractions": "10.0.0-rc.1.25451.107",
          "Microsoft.Extensions.Logging.Configuration": "10.0.0-rc.1.25451.107",
          "Microsoft.Extensions.Logging.Console": "10.0.0-rc.1.25451.107",
          "Microsoft.Extensions.Logging.Debug": "10.0.0-rc.1.25451.107",
          "Microsoft.Extensions.Logging.EventLog": "10.0.0-rc.1.25451.107",
          "Microsoft.Extensions.Logging.EventSource": "10.0.0-rc.1.25451.107",
          "Microsoft.Extensions.Options": "10.0.0-rc.1.25451.107"
        }
      },
      "NuGet.Protocol": {
        "type": "Direct",
        "requested": "[6.14.0, )",
        "resolved": "6.14.0",
        "contentHash": "hYk9j/ZKErdiK0tFaqsrRtT5q+sJ2VjCUrgFCQG2wGhAlmb8YaBzYLOGDvRdFwuvTi5I+KRuVHPqhc010Np1Bg==",
        "dependencies": {
          "NuGet.Packaging": "6.14.0"
        }
      },
      "System.Security.Cryptography.Pkcs": {
        "type": "Direct",
        "requested": "[9.0.9, )",
        "resolved": "9.0.9",
        "contentHash": "Y7/wY5lqrzJOu53yLFLPGaeKBcdWNw193udOFRB2joFDVpXLkmfPpfgks7dEIJYPIrW4k3onwR+4nQz6vIaaqA=="
      },
      "TomsToolbox.Composition.Analyzer": {
        "type": "Direct",
        "requested": "[2.22.2, )",
        "resolved": "2.22.2",
        "contentHash": "7gYo8ZR2eq3XkrilvUpLbTypeZy6IlD5FB8jah0YPhMOmDGhya4jJ3kfDMTTRt5m258Ou78P69mHMkG6DKZXsg=="
      },
      "Microsoft.Extensions.Configuration.Abstractions": {
        "type": "Transitive",
        "resolved": "10.0.0-rc.1.25451.107",
        "contentHash": "NOCQeNLsBMq0rdmZAWMWMEepO+/4iV6zBO2iyOBAzwtR1kZCVjrm/p4Z2Vda7IycOLEJKkcXfjN+oeqXH8mcFw==",
        "dependencies": {
          "Microsoft.Extensions.Primitives": "10.0.0-rc.1.25451.107"
        }
      },
      "Microsoft.Extensions.Configuration.Binder": {
        "type": "Transitive",
        "resolved": "10.0.0-rc.1.25451.107",
        "contentHash": "leKQmXsApCae6Mp65B29INCh3IFEALvpvKNAmcNV1GcwgAxZaDFVS6WbOQegkYLvTAX2G3DT5KE0skI8jy1kig==",
        "dependencies": {
          "Microsoft.Extensions.Configuration": "10.0.0-rc.1.25451.107",
          "Microsoft.Extensions.Configuration.Abstractions": "10.0.0-rc.1.25451.107"
        }
      },
      "Microsoft.Extensions.Configuration.CommandLine": {
        "type": "Transitive",
        "resolved": "10.0.0-rc.1.25451.107",
        "contentHash": "oIrzvbO70HUqC4rkzoc44Qt/sRr+RGECOHH1ju5iNDVfLLZS/GVNyKf9dqcrLhuqotmasIsqyjWktzVkJdYbWQ==",
        "dependencies": {
          "Microsoft.Extensions.Configuration": "10.0.0-rc.1.25451.107",
          "Microsoft.Extensions.Configuration.Abstractions": "10.0.0-rc.1.25451.107"
        }
      },
      "Microsoft.Extensions.Configuration.EnvironmentVariables": {
        "type": "Transitive",
        "resolved": "10.0.0-rc.1.25451.107",
        "contentHash": "uWgOErLi+EWXVFPFklgJ3NO4wgG6K5XxahCP248jktCOR4pgDymW8bLIIPZAyQXEX7tJ0qUoh/+SXudml56ecw==",
        "dependencies": {
          "Microsoft.Extensions.Configuration": "10.0.0-rc.1.25451.107",
          "Microsoft.Extensions.Configuration.Abstractions": "10.0.0-rc.1.25451.107"
        }
      },
      "Microsoft.Extensions.Configuration.FileExtensions": {
        "type": "Transitive",
        "resolved": "10.0.0-rc.1.25451.107",
        "contentHash": "gZO0j5JQjHy+CoBO7XRz4m5DhB16FOJsZIMj328xA/xSHhU6qK0xC2iboeC11W4MDKTukfnaj+yCtAtfHTcHkA==",
        "dependencies": {
          "Microsoft.Extensions.Configuration": "10.0.0-rc.1.25451.107",
          "Microsoft.Extensions.Configuration.Abstractions": "10.0.0-rc.1.25451.107",
          "Microsoft.Extensions.FileProviders.Abstractions": "10.0.0-rc.1.25451.107",
          "Microsoft.Extensions.FileProviders.Physical": "10.0.0-rc.1.25451.107",
          "Microsoft.Extensions.Primitives": "10.0.0-rc.1.25451.107"
        }
      },
      "Microsoft.Extensions.Configuration.UserSecrets": {
        "type": "Transitive",
        "resolved": "10.0.0-rc.1.25451.107",
        "contentHash": "wHLjtFft+I8raeZ+ZEVMlWNlh67IIfbNKd+mdQ5D38crV9b7m3QgK3DwK2YAgYOGLgP44qrYweuoi6zSvUEklw==",
        "dependencies": {
          "Microsoft.Extensions.Configuration.Abstractions": "10.0.0-rc.1.25451.107",
          "Microsoft.Extensions.Configuration.Json": "10.0.0-rc.1.25451.107",
          "Microsoft.Extensions.FileProviders.Abstractions": "10.0.0-rc.1.25451.107",
          "Microsoft.Extensions.FileProviders.Physical": "10.0.0-rc.1.25451.107"
        }
      },
      "Microsoft.Extensions.DependencyInjection": {
        "type": "Transitive",
        "resolved": "10.0.0-rc.1.25451.107",
        "contentHash": "LyE1mwZNT30J/6ygkZZm6QlDRaKpwQf5dHkREGAlJQr75kz1VGx0RI/cxa6kevnuYaLNE5UtgtGT2Amp+dFT1Q==",
        "dependencies": {
          "Microsoft.Extensions.DependencyInjection.Abstractions": "10.0.0-rc.1.25451.107"
        }
      },
      "Microsoft.Extensions.Diagnostics": {
        "type": "Transitive",
        "resolved": "10.0.0-rc.1.25451.107",
        "contentHash": "tuZIsk+xd+/jdBOhfjtJMnjnl6qNitUrx6WO7qUUCyJ5vMZiEaDW0XXdVWtvefUs08inp6fdYoL0+PBlHCtrAQ==",
        "dependencies": {
          "Microsoft.Extensions.Configuration": "10.0.0-rc.1.25451.107",
          "Microsoft.Extensions.Diagnostics.Abstractions": "10.0.0-rc.1.25451.107",
          "Microsoft.Extensions.Options.ConfigurationExtensions": "10.0.0-rc.1.25451.107"
        }
      },
      "Microsoft.Extensions.Diagnostics.Abstractions": {
        "type": "Transitive",
        "resolved": "10.0.0-rc.1.25451.107",
        "contentHash": "rskaFEs+RNVX8AXFeC3QqjS9O5cMjYsyHLGt/3SV5IYXIJdIA+iy3W8/fVsJED0ydkssEkftewhiTCOqh1DM3w==",
        "dependencies": {
          "Microsoft.Extensions.DependencyInjection.Abstractions": "10.0.0-rc.1.25451.107",
          "Microsoft.Extensions.Options": "10.0.0-rc.1.25451.107"
        }
      },
      "Microsoft.Extensions.FileProviders.Abstractions": {
        "type": "Transitive",
        "resolved": "10.0.0-rc.1.25451.107",
        "contentHash": "/Fi7B/NuEG5XMc80bHXb33ZO8SykBMcwOhZFygmNQ0SvmOUFD41M4XEtF27kmII73p1C4U84LWidkMZyvELmBw==",
        "dependencies": {
          "Microsoft.Extensions.Primitives": "10.0.0-rc.1.25451.107"
        }
      },
      "Microsoft.Extensions.FileProviders.Physical": {
        "type": "Transitive",
        "resolved": "10.0.0-rc.1.25451.107",
        "contentHash": "EdAkxAb8BQO6GI6NijKj7SYj79j7OOQlRCVJfyjw+6YvVBepery5gAUieu05ig4o4CYlpvie4xzmYoHiCN/6dQ==",
        "dependencies": {
          "Microsoft.Extensions.FileProviders.Abstractions": "10.0.0-rc.1.25451.107",
          "Microsoft.Extensions.FileSystemGlobbing": "10.0.0-rc.1.25451.107",
          "Microsoft.Extensions.Primitives": "10.0.0-rc.1.25451.107"
        }
      },
      "Microsoft.Extensions.FileSystemGlobbing": {
        "type": "Transitive",
        "resolved": "10.0.0-rc.1.25451.107",
        "contentHash": "EgPqaVLU+duTIlONHfipkTt0xtNZlHgta54QUj5nrXb7pY4rPMwgYExwxbjM9xGJ3lIMjp5H/zkKii55aZk9Sg=="
      },
      "Microsoft.Extensions.Hosting.Abstractions": {
        "type": "Transitive",
        "resolved": "10.0.0-rc.1.25451.107",
        "contentHash": "lfe8ZALjb5z95IUadn/NBPdqvPG1XX7UbBuRbtPu9al6RwrbQnVq5Sq+tQ7PTPxNh5WABtcnFbNnuc9MpAWypQ==",
        "dependencies": {
          "Microsoft.Extensions.Configuration.Abstractions": "10.0.0-rc.1.25451.107",
          "Microsoft.Extensions.DependencyInjection.Abstractions": "10.0.0-rc.1.25451.107",
          "Microsoft.Extensions.Diagnostics.Abstractions": "10.0.0-rc.1.25451.107",
          "Microsoft.Extensions.FileProviders.Abstractions": "10.0.0-rc.1.25451.107",
          "Microsoft.Extensions.Logging.Abstractions": "10.0.0-rc.1.25451.107"
        }
      },
      "Microsoft.Extensions.Logging": {
        "type": "Transitive",
        "resolved": "10.0.0-rc.1.25451.107",
        "contentHash": "XKPlZZoN7eZjtpaincJm60Il2k5tBxuOfeT3w6gXcTNL5dM1tOR80hzDQaBIikyxI3uBApKtTU1Vge7In3W8Kg==",
        "dependencies": {
          "Microsoft.Extensions.DependencyInjection": "10.0.0-rc.1.25451.107",
          "Microsoft.Extensions.Logging.Abstractions": "10.0.0-rc.1.25451.107",
          "Microsoft.Extensions.Options": "10.0.0-rc.1.25451.107"
        }
      },
      "Microsoft.Extensions.Logging.Abstractions": {
        "type": "Transitive",
        "resolved": "10.0.0-rc.1.25451.107",
        "contentHash": "RwlHkxMbkgvKs5m0jfguF+a6nZH1qaJVC63cSAODNLMVyX22VumSWwDBgnzFTB3oUHfOnQgLmtEK1U/eEQRLLQ==",
        "dependencies": {
          "Microsoft.Extensions.DependencyInjection.Abstractions": "10.0.0-rc.1.25451.107"
        }
      },
      "Microsoft.Extensions.Logging.Configuration": {
        "type": "Transitive",
        "resolved": "10.0.0-rc.1.25451.107",
        "contentHash": "Pv+5gS1QQJ3/RgfoQR9qFXbExFerQfcsWWYSkZSBmq0X6FmaM/HYHeb9epAfpWYagbBCM6QwSqltMG8uJZLMdg==",
        "dependencies": {
          "Microsoft.Extensions.Configuration": "10.0.0-rc.1.25451.107",
          "Microsoft.Extensions.Configuration.Abstractions": "10.0.0-rc.1.25451.107",
          "Microsoft.Extensions.Configuration.Binder": "10.0.0-rc.1.25451.107",
          "Microsoft.Extensions.DependencyInjection.Abstractions": "10.0.0-rc.1.25451.107",
          "Microsoft.Extensions.Logging": "10.0.0-rc.1.25451.107",
          "Microsoft.Extensions.Logging.Abstractions": "10.0.0-rc.1.25451.107",
          "Microsoft.Extensions.Options": "10.0.0-rc.1.25451.107",
          "Microsoft.Extensions.Options.ConfigurationExtensions": "10.0.0-rc.1.25451.107"
        }
      },
      "Microsoft.Extensions.Logging.Console": {
        "type": "Transitive",
        "resolved": "10.0.0-rc.1.25451.107",
        "contentHash": "0o2U5BuYJFt6c2XwOpfSEb5knaSgKwpYi1Jm7+CU1IlTFvyA5ddjLBmUm/dJmzWiWnoFvUJvsvPvLQYWCxGiDg==",
        "dependencies": {
          "Microsoft.Extensions.DependencyInjection.Abstractions": "10.0.0-rc.1.25451.107",
          "Microsoft.Extensions.Logging": "10.0.0-rc.1.25451.107",
          "Microsoft.Extensions.Logging.Abstractions": "10.0.0-rc.1.25451.107",
          "Microsoft.Extensions.Logging.Configuration": "10.0.0-rc.1.25451.107",
          "Microsoft.Extensions.Options": "10.0.0-rc.1.25451.107"
        }
      },
      "Microsoft.Extensions.Logging.Debug": {
        "type": "Transitive",
        "resolved": "10.0.0-rc.1.25451.107",
        "contentHash": "HMpGwPNYt7M5XVSFkc8Y76CzLXvrM7AnyFgyDGfynhYvmX4MH2eT3w7c6eOb390WQcsNGkTGgZnb6QlaEwm9QA==",
        "dependencies": {
          "Microsoft.Extensions.DependencyInjection.Abstractions": "10.0.0-rc.1.25451.107",
          "Microsoft.Extensions.Logging": "10.0.0-rc.1.25451.107",
          "Microsoft.Extensions.Logging.Abstractions": "10.0.0-rc.1.25451.107"
        }
      },
      "Microsoft.Extensions.Logging.EventLog": {
        "type": "Transitive",
        "resolved": "10.0.0-rc.1.25451.107",
        "contentHash": "s2k2ihzSGm2lCGvc4Az3zJoijNPZ9xrT6U+ORj9T4rocLCSxe/21MKqxcjInJvVZgTn7HWpJomFw5qcJz+HXYg==",
        "dependencies": {
          "Microsoft.Extensions.DependencyInjection.Abstractions": "10.0.0-rc.1.25451.107",
          "Microsoft.Extensions.Logging": "10.0.0-rc.1.25451.107",
          "Microsoft.Extensions.Logging.Abstractions": "10.0.0-rc.1.25451.107",
          "Microsoft.Extensions.Options": "10.0.0-rc.1.25451.107",
          "System.Diagnostics.EventLog": "10.0.0-rc.1.25451.107"
        }
      },
      "Microsoft.Extensions.Logging.EventSource": {
        "type": "Transitive",
        "resolved": "10.0.0-rc.1.25451.107",
        "contentHash": "kQtRLj0UHV44+CVxPXwIhK2emuxjym1zqH3pAbtONYU6B8QuvFjThW0vU+SElEIfFGM8L11F84CIOJQeLGVvGQ==",
        "dependencies": {
          "Microsoft.Extensions.DependencyInjection.Abstractions": "10.0.0-rc.1.25451.107",
          "Microsoft.Extensions.Logging": "10.0.0-rc.1.25451.107",
          "Microsoft.Extensions.Logging.Abstractions": "10.0.0-rc.1.25451.107",
          "Microsoft.Extensions.Options": "10.0.0-rc.1.25451.107",
          "Microsoft.Extensions.Primitives": "10.0.0-rc.1.25451.107"
        }
      },
      "Microsoft.Extensions.Options": {
        "type": "Transitive",
        "resolved": "10.0.0-rc.1.25451.107",
        "contentHash": "lM7V/A39nKSh7kdTqqh8yRCEvgw1P3X0odWd5o7A94j/Ln8xT+1kV60MTP/i78jaa4FNDhFfYE7yao5T84aQZg==",
        "dependencies": {
          "Microsoft.Extensions.DependencyInjection.Abstractions": "10.0.0-rc.1.25451.107",
          "Microsoft.Extensions.Primitives": "10.0.0-rc.1.25451.107"
        }
      },
      "Microsoft.Extensions.Options.ConfigurationExtensions": {
        "type": "Transitive",
        "resolved": "10.0.0-rc.1.25451.107",
        "contentHash": "6G5VB30lHscf+GUb/e0ZNdN8/yeLzNHWDPfdk1zDVODIlDL3Lm0zcr/h0v9gatilVlKKzLno49ftwLqyhw0sbw==",
        "dependencies": {
          "Microsoft.Extensions.Configuration.Abstractions": "10.0.0-rc.1.25451.107",
          "Microsoft.Extensions.Configuration.Binder": "10.0.0-rc.1.25451.107",
          "Microsoft.Extensions.DependencyInjection.Abstractions": "10.0.0-rc.1.25451.107",
          "Microsoft.Extensions.Options": "10.0.0-rc.1.25451.107",
          "Microsoft.Extensions.Primitives": "10.0.0-rc.1.25451.107"
        }
      },
      "Microsoft.Extensions.Primitives": {
        "type": "Transitive",
        "resolved": "10.0.0-rc.1.25451.107",
        "contentHash": "BNCfqG7CvhUQp7Sj8Qcr+HVNXkwV/nQfD6uS1HXXY2oO//QNpi4Mqy6IGeaIPIZIoQxykhLgPoSOJqRPCJRh/Q=="
      },
      "Newtonsoft.Json": {
        "type": "Transitive",
        "resolved": "13.0.3",
        "contentHash": "HrC5BXdl00IP9zeV+0Z848QWPAoCr9P3bDEZguI+gkLcBKAOxix/tLEAAHC+UvDNPv4a2d18lOReHMOagPa+zQ=="
      },
      "NuGet.Common": {
        "type": "Transitive",
        "resolved": "6.14.0",
        "contentHash": "E+IyoDez4kPrjNPYp41fScowTuSjGifXfjrtU9p9XlQDOGig6vrikQDCMeo6BT6YmT9vUZ+Tb1CX8ru8z0bkNg==",
        "dependencies": {
          "NuGet.Frameworks": "6.14.0",
          "System.Collections.Immutable": "8.0.0"
        }
      },
      "NuGet.Configuration": {
        "type": "Transitive",
        "resolved": "6.14.0",
        "contentHash": "YwoF+Nm0IGdNP/LQ97xysCQlhy4oWIzD4oGcbvz5bQGogPrqn/5lSGwP8llmVv+zfJ6tZZDAT9vh4Q+gH0Aqqg==",
        "dependencies": {
          "NuGet.Common": "6.14.0",
          "System.Security.Cryptography.ProtectedData": "4.4.0"
        }
      },
      "NuGet.Frameworks": {
        "type": "Transitive",
        "resolved": "6.14.0",
        "contentHash": "xZ37J58DQAkVUX29qoMwla26iBYRScdcfSGNe1FIZjCX1tpafN9n7TinrkRxaJqYzW0D8Ob8a3eRSYhwEUauCA=="
      },
      "NuGet.Packaging": {
        "type": "Transitive",
        "resolved": "6.14.0",
        "contentHash": "BpQlGpkuAhrh6x00mGvwK13a5c30vX3FYQbWI11LIyXl/nWmoOQSZrB3yEAh9ihibeGo8SunWZBGXvkkJUxbEg==",
        "dependencies": {
          "Newtonsoft.Json": "13.0.3",
          "NuGet.Configuration": "6.14.0",
          "NuGet.Versioning": "6.14.0",
          "System.Security.Cryptography.Pkcs": "6.0.4"
        }
      },
      "NuGet.Versioning": {
        "type": "Transitive",
        "resolved": "6.14.0",
        "contentHash": "4v4blkhCv8mpKtfx+z0G/X0daVCzdIaHSC51GkUspugi5JIMn2Bo8xm5PdZYF0U68gOBfz/+aPWMnpRd85Jbow=="
      },
      "System.ComponentModel.Annotations": {
        "type": "Transitive",
        "resolved": "5.0.0",
        "contentHash": "dMkqfy2el8A8/I76n2Hi1oBFEbG1SfxD2l5nhwXV3XjlnOmwxJlQbYpJH4W51odnU9sARCSAgv7S3CyAFMkpYg=="
      },
      "System.Diagnostics.EventLog": {
        "type": "Transitive",
        "resolved": "10.0.0-rc.1.25451.107",
        "contentHash": "rwQ/QDgOb3qLSOs8UbLBFigL8ewMCETOmrQwVbksRXLt3c/kizzljOdBf+KdXKCS3XmrKqMeOLOkZZM8WQDcTw=="
      },
      "System.Security.Cryptography.ProtectedData": {
        "type": "Transitive",
        "resolved": "4.4.0",
        "contentHash": "cJV7ScGW7EhatRsjehfvvYVBvtiSMKgN8bOVI0bQhnF5bU7vnHVIsH49Kva7i7GWaWYvmEzkYVk1TC+gZYBEog=="
      },
      "icsharpcode.decompiler": {
        "type": "Project",
        "dependencies": {
          "System.Collections.Immutable": "[9.0.0, )",
          "System.Reflection.Metadata": "[9.0.0, )"
        }
      },
      "icsharpcode.ilspyx": {
        "type": "Project",
        "dependencies": {
          "ICSharpCode.Decompiler": "[8.0.0-noversion, )",
          "K4os.Compression.LZ4": "[1.3.8, )",
          "Mono.Cecil": "[0.11.6, )",
          "System.Composition.AttributedModel": "[10.0.0-rc.1.25451.107, )",
          "System.Reflection.Metadata": "[10.0.0-rc.1.25451.107, )",
          "System.Runtime.CompilerServices.Unsafe": "[6.1.2, )"
        }
      },
      "K4os.Compression.LZ4": {
        "type": "CentralTransitive",
        "requested": "[1.3.8, )",
        "resolved": "1.3.8",
        "contentHash": "LhwlPa7c1zs1OV2XadMtAWdImjLIsqFJPoRcIWAadSRn0Ri1DepK65UbWLPmt4riLqx2d40xjXRk0ogpqNtK7g=="
      },
      "McMaster.Extensions.CommandLineUtils": {
        "type": "CentralTransitive",
        "requested": "[4.1.1, )",
        "resolved": "4.1.1",
        "contentHash": "zxgDY+G5yVq2q8sVB3Z275Qkxed1jC95nwAfnlSyoG4l5Nicvd4+ke1jXusEZEfyuErlAgXCKS937c13FmZWBg==",
        "dependencies": {
          "System.ComponentModel.Annotations": "5.0.0"
        }
      },
      "Microsoft.Extensions.Configuration": {
        "type": "CentralTransitive",
        "requested": "[10.0.0-rc.1.25451.107, )",
        "resolved": "10.0.0-rc.1.25451.107",
        "contentHash": "pyIiy0uo0i2pM1IPTHf9X/sy1lOxRjAPuj7TAHlt+prfEvurKOXVdTrK41Xmr4e6mScWdesoOVpIoAhgP/N5BQ==",
        "dependencies": {
          "Microsoft.Extensions.Configuration.Abstractions": "10.0.0-rc.1.25451.107",
          "Microsoft.Extensions.Primitives": "10.0.0-rc.1.25451.107"
        }
      },
      "Microsoft.Extensions.Configuration.Json": {
        "type": "CentralTransitive",
        "requested": "[10.0.0-rc.1.25451.107, )",
        "resolved": "10.0.0-rc.1.25451.107",
        "contentHash": "vvKbTkuv/v4D/DQ65nKz4V55eN/JL23Mvm31GNvxvY9rpOsy4MtOu68+WE/fX62r0MVByGYULd1GLmQPAgJ3wQ==",
        "dependencies": {
          "Microsoft.Extensions.Configuration": "10.0.0-rc.1.25451.107",
          "Microsoft.Extensions.Configuration.Abstractions": "10.0.0-rc.1.25451.107",
          "Microsoft.Extensions.Configuration.FileExtensions": "10.0.0-rc.1.25451.107",
          "Microsoft.Extensions.FileProviders.Abstractions": "10.0.0-rc.1.25451.107"
        }
      },
      "Microsoft.Extensions.DependencyInjection.Abstractions": {
        "type": "CentralTransitive",
        "requested": "[10.0.0-rc.1.25451.107, )",
        "resolved": "10.0.0-rc.1.25451.107",
        "contentHash": "Wm2HfC0GlWExQmJajq85FHM9iHEOm61Z1c2YLivbzI6R5eT+TTSyfk3RHUra4oBU+oj1XhOIQ5hLW6Kg2r85tg=="
      },
      "Mono.Cecil": {
        "type": "CentralTransitive",
        "requested": "[0.11.6, )",
        "resolved": "0.11.6",
        "contentHash": "f33RkDtZO8VlGXCtmQIviOtxgnUdym9xx/b1p9h91CRGOsJFxCFOFK1FDbVt1OCf1aWwYejUFa2MOQyFWTFjbA=="
      },
      "System.Collections.Immutable": {
        "type": "CentralTransitive",
        "requested": "[10.0.0-rc.1.25451.107, )",
        "resolved": "9.0.0",
        "contentHash": "QhkXUl2gNrQtvPmtBTQHb0YsUrDiDQ2QS09YbtTTiSjGcf7NBqtYbrG/BE06zcBPCKEwQGzIv13IVdXNOSub2w=="
      },
      "System.Composition.AttributedModel": {
        "type": "CentralTransitive",
        "requested": "[10.0.0-rc.1.25451.107, )",
        "resolved": "10.0.0-rc.1.25451.107",
        "contentHash": "0zroRtuBzQdbwuCRklmRY9NXin4DYNVcZOkZ8zqgZFuKNb66GrxeWw3kfnymfyZ0Ib9J8J3kXlYfxKRXIzb+2g=="
      },
      "System.Reflection.Metadata": {
        "type": "CentralTransitive",
        "requested": "[10.0.0-rc.1.25451.107, )",
        "resolved": "10.0.0-rc.1.25451.107",
        "contentHash": "ixP5rSQVGhwbYomPUL7XDRQpoh6YVXXomjfJGn0WasADk+ykq9C4pPN3as8F2KktDQ434vGz55NWU+vfZSt2EQ=="
      },
      "System.Runtime.CompilerServices.Unsafe": {
        "type": "CentralTransitive",
        "requested": "[6.1.2, )",
        "resolved": "6.1.2",
        "contentHash": "2hBr6zdbIBTDE3EhK7NSVNdX58uTK6iHW/P/Axmm9sl1xoGSLqDvMtpecn226TNwHByFokYwJmt/aQQNlO5CRw=="
      }
    }
  }
}