
Microsoft Visual Studio Solution File, Format Version 12.00
# Visual Studio 15
VisualStudioVersion = 15.0.27004.2005
MinimumVisualStudioVersion = 15.0
Project("{2150E333-8FDC-42A3-9474-1A3956D46DE8}") = "doc", "doc", "{F45DB999-7E72-4000-B5AD-3A7B485A0896}"
	ProjectSection(SolutionItems) = preProject
		doc\Command Line.txt = doc\Command Line.txt
		doc\ILAst.txt = doc\ILAst.txt
		doc\IntPtr.txt = doc\IntPtr.txt
	EndProjectSection
EndProject
Project("{9A19103F-16F7-4668-BE54-9A1E7A4F7556}") = "ICSharpCode.Decompiler.Console", "ICSharpCode.Decompiler.Console\ICSharpCode.Decompiler.Console.csproj", "{8FDA011E-FAF8-4C1F-A695-21E2C6B5375F}"
EndProject
Project("{9A19103F-16F7-4668-BE54-9A1E7A4F7556}") = "ICSharpCode.Decompiler.PowerShell", "ICSharpCode.Decompiler.PowerShell\ICSharpCode.Decompiler.PowerShell.csproj", "{FF7D6041-3C52-47D1-A32A-0BFE8EE4EEEB}"
EndProject
Project("{FAE04EC0-301F-11D3-BF4B-00C04F79EFBC}") = "ICSharpCode.Decompiler", "ICSharpCode.Decompiler\ICSharpCode.Decompiler.csproj", "{526B267D-1904-4E9E-80DB-BB2259ADCF6C}"
EndProject
Global
	GlobalSection(SolutionConfigurationPlatforms) = preSolution
		Debug|Any CPU = Debug|Any CPU
		Release|Any CPU = Release|Any CPU
	EndGlobalSection
	GlobalSection(ProjectConfigurationPlatforms) = postSolution
		{8FDA011E-FAF8-4C1F-A695-21E2C6B5375F}.Debug|Any CPU.ActiveCfg = Debug|Any CPU
		{8FDA011E-FAF8-4C1F-A695-21E2C6B5375F}.Debug|Any CPU.Build.0 = Debug|Any CPU
		{8FDA011E-FAF8-4C1F-A695-21E2C6B5375F}.Release|Any CPU.ActiveCfg = Release|Any CPU
		{8FDA011E-FAF8-4C1F-A695-21E2C6B5375F}.Release|Any CPU.Build.0 = Release|Any CPU
		{FF7D6041-3C52-47D1-A32A-0BFE8EE4EEEB}.Debug|Any CPU.ActiveCfg = Debug|Any CPU
		{FF7D6041-3C52-47D1-A32A-0BFE8EE4EEEB}.Debug|Any CPU.Build.0 = Debug|Any CPU
		{FF7D6041-3C52-47D1-A32A-0BFE8EE4EEEB}.Release|Any CPU.ActiveCfg = Release|Any CPU
		{FF7D6041-3C52-47D1-A32A-0BFE8EE4EEEB}.Release|Any CPU.Build.0 = Release|Any CPU
		{526B267D-1904-4E9E-80DB-BB2259ADCF6C}.Debug|Any CPU.ActiveCfg = Debug|Any CPU
		{526B267D-1904-4E9E-80DB-BB2259ADCF6C}.Debug|Any CPU.Build.0 = Debug|Any CPU
		{526B267D-1904-4E9E-80DB-BB2259ADCF6C}.Release|Any CPU.ActiveCfg = Release|Any CPU
		{526B267D-1904-4E9E-80DB-BB2259ADCF6C}.Release|Any CPU.Build.0 = Release|Any CPU
	EndGlobalSection
	GlobalSection(SolutionProperties) = preSolution
		HideSolutionNode = FALSE
	EndGlobalSection
	GlobalSection(ExtensibilityGlobals) = postSolution
		SolutionGuid = {C764218F-7633-4412-923D-558CE7EE0560}
	EndGlobalSection
EndGlobal
