
Microsoft Visual Studio Solution File, Format Version 12.00
# Visual Studio 15
VisualStudioVersion = 15.0.26730.12
MinimumVisualStudioVersion = 10.0.40219.1
Project("{FAE04EC0-301F-11D3-BF4B-00C04F79EFBC}") = "ICSharpCode.Decompiler.Console", "ICSharpCode.Decompiler.Console\ICSharpCode.Decompiler.Console.csproj", "{7B33DCB1-C05B-47DD-B310-4C388991476B}"
EndProject
Global
	GlobalSection(SolutionConfigurationPlatforms) = preSolution
		Debug|Any CPU = Debug|Any CPU
		Release|Any CPU = Release|Any CPU
	EndGlobalSection
	GlobalSection(ProjectConfigurationPlatforms) = postSolution
		{7B33DCB1-C05B-47DD-B310-4C388991476B}.Debug|Any CPU.ActiveCfg = Debug|Any CPU
		{7B33DCB1-C05B-47DD-B310-4C388991476B}.Debug|Any CPU.Build.0 = Debug|Any CPU
		{7B33DCB1-C05B-47DD-B310-4C388991476B}.Release|Any CPU.ActiveCfg = Release|Any CPU
		{7B33DCB1-C05B-47DD-B310-4C388991476B}.Release|Any CPU.Build.0 = Release|Any CPU
	EndGlobalSection
	GlobalSection(SolutionProperties) = preSolution
		HideSolutionNode = FALSE
	EndGlobalSection
	GlobalSection(ExtensibilityGlobals) = postSolution
		SolutionGuid = {74334161-26AC-42FB-B800-593771ED9939}
	EndGlobalSection
EndGlobal
