
Microsoft Visual Studio Solution File, Format Version 12.00
# Visual Studio Version 17
VisualStudioVersion = 17.6.33723.286
MinimumVisualStudioVersion = 10.0.40219.1
Project("{9A19103F-16F7-4668-BE54-9A1E7A4F7556}") = "ILSpy.Installer", "ILSpy.Installer\ILSpy.Installer.csproj", "{D27793B2-C3F9-4410-AAD0-E117BEDCCEB0}"
EndProject
Project("{9A19103F-16F7-4668-BE54-9A1E7A4F7556}") = "ICSharpCode.Decompiler", "ICSharpCode.Decompiler\ICSharpCode.Decompiler.csproj", "{3FE7AE02-D69D-4C76-9BC0-CF700DFD09FE}"
EndProject
Global
	GlobalSection(SolutionConfigurationPlatforms) = preSolution
		Debug|Any CPU = Debug|Any CPU
		Release|Any CPU = Release|Any CPU
	EndGlobalSection
	GlobalSection(ProjectConfigurationPlatforms) = postSolution
		{D27793B2-C3F9-4410-AAD0-E117BEDCCEB0}.Debug|Any CPU.ActiveCfg = Debug|Any CPU
		{D27793B2-C3F9-4410-AAD0-E117BEDCCEB0}.Debug|Any CPU.Build.0 = Debug|Any CPU
		{D27793B2-C3F9-4410-AAD0-E117BEDCCEB0}.Release|Any CPU.ActiveCfg = Release|Any CPU
		{D27793B2-C3F9-4410-AAD0-E117BEDCCEB0}.Release|Any CPU.Build.0 = Release|Any CPU
		{3FE7AE02-D69D-4C76-9BC0-CF700DFD09FE}.Debug|Any CPU.ActiveCfg = Debug|Any CPU
		{3FE7AE02-D69D-4C76-9BC0-CF700DFD09FE}.Debug|Any CPU.Build.0 = Debug|Any CPU
		{3FE7AE02-D69D-4C76-9BC0-CF700DFD09FE}.Release|Any CPU.ActiveCfg = Release|Any CPU
		{3FE7AE02-D69D-4C76-9BC0-CF700DFD09FE}.Release|Any CPU.Build.0 = Release|Any CPU
	EndGlobalSection
	GlobalSection(SolutionProperties) = preSolution
		HideSolutionNode = FALSE
	EndGlobalSection
	GlobalSection(ExtensibilityGlobals) = postSolution
		SolutionGuid = {A343F649-2CFB-4022-9133-1BA55FBCE3D1}
	EndGlobalSection
EndGlobal
