
Microsoft Visual Studio Solution File, Format Version 12.00
# Visual Studio Version 18
VisualStudioVersion = 18.4.11620.152
MinimumVisualStudioVersion = 15.0
Project("{2150E333-8FDC-42A3-9474-1A3956D46DE8}") = "doc", "doc", "{F45DB999-7E72-4000-B5AD-3A7B485A0896}"
	ProjectSection(SolutionItems) = preProject
		doc\Command Line.txt = doc\Command Line.txt
		doc\ILAst.txt = doc\ILAst.txt
		doc\IntPtr.txt = doc\IntPtr.txt
	EndProjectSection
EndProject
Project("{9A19103F-16F7-4668-BE54-9A1E7A4F7556}") = "ICSharpCode.Decompiler", "ICSharpCode.Decompiler\ICSharpCode.Decompiler.csproj", "{984CC812-9470-4A13-AFF9-CC44068D666C}"
EndProject
Project("{9A19103F-16F7-4668-BE54-9A1E7A4F7556}") = "ICSharpCode.Decompiler.Generators", "ICSharpCode.Decompiler.Generators\ICSharpCode.Decompiler.Generators.csproj", "{0792B524-622B-4B9D-8027-3531ED6A42EB}"
EndProject
Project("{9A19103F-16F7-4668-BE54-9A1E7A4F7556}") = "ICSharpCode.Decompiler.Tests", "ICSharpCode.Decompiler.Tests\ICSharpCode.Decompiler.Tests.csproj", "{FEC0DA52-C4A6-4710-BE36-B484A20C5E22}"
EndProject
Project("{9A19103F-16F7-4668-BE54-9A1E7A4F7556}") = "ICSharpCode.ILSpyCmd", "ICSharpCode.ILSpyCmd\ICSharpCode.ILSpyCmd.csproj", "{743B439A-E7AD-4A0A-BAB6-222E1EA83C6D}"
EndProject
Project("{9A19103F-16F7-4668-BE54-9A1E7A4F7556}") = "ICSharpCode.Decompiler.PowerShell", "ICSharpCode.Decompiler.PowerShell\ICSharpCode.Decompiler.PowerShell.csproj", "{50060E0C-FA25-41F4-B72F-8490324EC9F0}"
EndProject
Project("{9A19103F-16F7-4668-BE54-9A1E7A4F7556}") = "ICSharpCode.Decompiler.TestRunner", "ICSharpCode.Decompiler.TestRunner\ICSharpCode.Decompiler.TestRunner.csproj", "{4FBB470F-69EB-4C8B-8961-8B4DF4EBB999}"
EndProject
Project("{9A19103F-16F7-4668-BE54-9A1E7A4F7556}") = "ICSharpCode.ILSpyX", "ICSharpCode.ILSpyX\ICSharpCode.ILSpyX.csproj", "{F8EFCF9D-B9A3-4BA0-A1B2-B026A71DAC22}"
EndProject
Project("{9A19103F-16F7-4668-BE54-9A1E7A4F7556}") = "ICSharpCode.BamlDecompiler", "ICSharpCode.BamlDecompiler\ICSharpCode.BamlDecompiler.csproj", "{81A30182-3378-4952-8880-F44822390040}"
EndProject
Project("{2150E333-8FDC-42A3-9474-1A3956D46DE8}") = "Solution Items", "Solution Items", "{D0858E90-DCD5-4FD9-AA53-7262FAB8BEDB}"
	ProjectSection(SolutionItems) = preProject
		.editorconfig = .editorconfig
		Directory.Build.props = Directory.Build.props
		Directory.Packages.props = Directory.Packages.props
		global.json = global.json
		NuGet.config = NuGet.config
	EndProjectSection
EndProject
Project("{FAE04EC0-301F-11D3-BF4B-00C04F79EFBC}") = "ILSpy", "ILSpy\ILSpy.csproj", "{2C085978-F6EC-4684-B987-802D4CFEC3E9}"
EndProject
Project("{FAE04EC0-301F-11D3-BF4B-00C04F79EFBC}") = "ILSpy.Tests", "ILSpy.Tests\ILSpy.Tests.csproj", "{818CA2D4-175F-4DC1-9C83-189D2CA74ABA}"
EndProject
Project("{FAE04EC0-301F-11D3-BF4B-00C04F79EFBC}") = "ILSpy.Tests.Windows", "ILSpy.Tests.Windows\ILSpy.Tests.Windows.csproj", "{20AF56FB-DC0F-4048-B75D-83FEE0D669B2}"
EndProject
Project("{FAE04EC0-301F-11D3-BF4B-00C04F79EFBC}") = "ILSpy.ReadyToRun", "ILSpy.ReadyToRun\ILSpy.ReadyToRun.csproj", "{AF43A431-AAF7-4758-A180-42C378AE0FB2}"
EndProject
Project("{FAE04EC0-301F-11D3-BF4B-00C04F79EFBC}") = "TestPlugin", "TestPlugin\TestPlugin.csproj", "{62B21FB3-2A55-4F51-8892-9D6B9864BC22}"
EndProject
Global
	GlobalSection(SolutionConfigurationPlatforms) = preSolution
		Debug|Any CPU = Debug|Any CPU
		Debug|x64 = Debug|x64
		Debug|x86 = Debug|x86
		Release|Any CPU = Release|Any CPU
		Release|x64 = Release|x64
		Release|x86 = Release|x86
	EndGlobalSection
	GlobalSection(ProjectConfigurationPlatforms) = postSolution
		{984CC812-9470-4A13-AFF9-CC44068D666C}.Debug|Any CPU.ActiveCfg = Debug|Any CPU
		{984CC812-9470-4A13-AFF9-CC44068D666C}.Debug|Any CPU.Build.0 = Debug|Any CPU
		{984CC812-9470-4A13-AFF9-CC44068D666C}.Debug|x64.ActiveCfg = Debug|Any CPU
		{984CC812-9470-4A13-AFF9-CC44068D666C}.Debug|x64.Build.0 = Debug|Any CPU
		{984CC812-9470-4A13-AFF9-CC44068D666C}.Debug|x86.ActiveCfg = Debug|Any CPU
		{984CC812-9470-4A13-AFF9-CC44068D666C}.Debug|x86.Build.0 = Debug|Any CPU
		{984CC812-9470-4A13-AFF9-CC44068D666C}.Release|Any CPU.ActiveCfg = Release|Any CPU
		{984CC812-9470-4A13-AFF9-CC44068D666C}.Release|Any CPU.Build.0 = Release|Any CPU
		{984CC812-9470-4A13-AFF9-CC44068D666C}.Release|x64.ActiveCfg = Release|Any CPU
		{984CC812-9470-4A13-AFF9-CC44068D666C}.Release|x64.Build.0 = Release|Any CPU
		{984CC812-9470-4A13-AFF9-CC44068D666C}.Release|x86.ActiveCfg = Release|Any CPU
		{984CC812-9470-4A13-AFF9-CC44068D666C}.Release|x86.Build.0 = Release|Any CPU
		{0792B524-622B-4B9D-8027-3531ED6A42EB}.Debug|Any CPU.ActiveCfg = Debug|Any CPU
		{0792B524-622B-4B9D-8027-3531ED6A42EB}.Debug|Any CPU.Build.0 = Debug|Any CPU
		{0792B524-622B-4B9D-8027-3531ED6A42EB}.Debug|x64.ActiveCfg = Debug|Any CPU
		{0792B524-622B-4B9D-8027-3531ED6A42EB}.Debug|x64.Build.0 = Debug|Any CPU
		{0792B524-622B-4B9D-8027-3531ED6A42EB}.Debug|x86.ActiveCfg = Debug|Any CPU
		{0792B524-622B-4B9D-8027-3531ED6A42EB}.Debug|x86.Build.0 = Debug|Any CPU
		{0792B524-622B-4B9D-8027-3531ED6A42EB}.Release|Any CPU.ActiveCfg = Release|Any CPU
		{0792B524-622B-4B9D-8027-3531ED6A42EB}.Release|Any CPU.Build.0 = Release|Any CPU
		{0792B524-622B-4B9D-8027-3531ED6A42EB}.Release|x64.ActiveCfg = Release|Any CPU
		{0792B524-622B-4B9D-8027-3531ED6A42EB}.Release|x64.Build.0 = Release|Any CPU
		{0792B524-622B-4B9D-8027-3531ED6A42EB}.Release|x86.ActiveCfg = Release|Any CPU
		{0792B524-622B-4B9D-8027-3531ED6A42EB}.Release|x86.Build.0 = Release|Any CPU
		{FEC0DA52-C4A6-4710-BE36-B484A20C5E22}.Debug|Any CPU.ActiveCfg = Debug|Any CPU
		{FEC0DA52-C4A6-4710-BE36-B484A20C5E22}.Debug|Any CPU.Build.0 = Debug|Any CPU
		{FEC0DA52-C4A6-4710-BE36-B484A20C5E22}.Debug|x64.ActiveCfg = Debug|Any CPU
		{FEC0DA52-C4A6-4710-BE36-B484A20C5E22}.Debug|x64.Build.0 = Debug|Any CPU
		{FEC0DA52-C4A6-4710-BE36-B484A20C5E22}.Debug|x86.ActiveCfg = Debug|Any CPU
		{FEC0DA52-C4A6-4710-BE36-B484A20C5E22}.Debug|x86.Build.0 = Debug|Any CPU
		{FEC0DA52-C4A6-4710-BE36-B484A20C5E22}.Release|Any CPU.ActiveCfg = Release|Any CPU
		{FEC0DA52-C4A6-4710-BE36-B484A20C5E22}.Release|Any CPU.Build.0 = Release|Any CPU
		{FEC0DA52-C4A6-4710-BE36-B484A20C5E22}.Release|x64.ActiveCfg = Release|Any CPU
		{FEC0DA52-C4A6-4710-BE36-B484A20C5E22}.Release|x64.Build.0 = Release|Any CPU
		{FEC0DA52-C4A6-4710-BE36-B484A20C5E22}.Release|x86.ActiveCfg = Release|Any CPU
		{FEC0DA52-C4A6-4710-BE36-B484A20C5E22}.Release|x86.Build.0 = Release|Any CPU
		{743B439A-E7AD-4A0A-BAB6-222E1EA83C6D}.Debug|Any CPU.ActiveCfg = Debug|Any CPU
		{743B439A-E7AD-4A0A-BAB6-222E1EA83C6D}.Debug|Any CPU.Build.0 = Debug|Any CPU
		{743B439A-E7AD-4A0A-BAB6-222E1EA83C6D}.Debug|x64.ActiveCfg = Debug|Any CPU
		{743B439A-E7AD-4A0A-BAB6-222E1EA83C6D}.Debug|x64.Build.0 = Debug|Any CPU
		{743B439A-E7AD-4A0A-BAB6-222E1EA83C6D}.Debug|x86.ActiveCfg = Debug|Any CPU
		{743B439A-E7AD-4A0A-BAB6-222E1EA83C6D}.Debug|x86.Build.0 = Debug|Any CPU
		{743B439A-E7AD-4A0A-BAB6-222E1EA83C6D}.Release|Any CPU.ActiveCfg = Release|Any CPU
		{743B439A-E7AD-4A0A-BAB6-222E1EA83C6D}.Release|Any CPU.Build.0 = Release|Any CPU
		{743B439A-E7AD-4A0A-BAB6-222E1EA83C6D}.Release|x64.ActiveCfg = Release|Any CPU
		{743B439A-E7AD-4A0A-BAB6-222E1EA83C6D}.Release|x64.Build.0 = Release|Any CPU
		{743B439A-E7AD-4A0A-BAB6-222E1EA83C6D}.Release|x86.ActiveCfg = Release|Any CPU
		{743B439A-E7AD-4A0A-BAB6-222E1EA83C6D}.Release|x86.Build.0 = Release|Any CPU
		{50060E0C-FA25-41F4-B72F-8490324EC9F0}.Debug|Any CPU.ActiveCfg = Debug|Any CPU
		{50060E0C-FA25-41F4-B72F-8490324EC9F0}.Debug|Any CPU.Build.0 = Debug|Any CPU
		{50060E0C-FA25-41F4-B72F-8490324EC9F0}.Debug|x64.ActiveCfg = Debug|Any CPU
		{50060E0C-FA25-41F4-B72F-8490324EC9F0}.Debug|x64.Build.0 = Debug|Any CPU
		{50060E0C-FA25-41F4-B72F-8490324EC9F0}.Debug|x86.ActiveCfg = Debug|Any CPU
		{50060E0C-FA25-41F4-B72F-8490324EC9F0}.Debug|x86.Build.0 = Debug|Any CPU
		{50060E0C-FA25-41F4-B72F-8490324EC9F0}.Release|Any CPU.ActiveCfg = Release|Any CPU
		{50060E0C-FA25-41F4-B72F-8490324EC9F0}.Release|Any CPU.Build.0 = Release|Any CPU
		{50060E0C-FA25-41F4-B72F-8490324EC9F0}.Release|x64.ActiveCfg = Release|Any CPU
		{50060E0C-FA25-41F4-B72F-8490324EC9F0}.Release|x64.Build.0 = Release|Any CPU
		{50060E0C-FA25-41F4-B72F-8490324EC9F0}.Release|x86.ActiveCfg = Release|Any CPU
		{50060E0C-FA25-41F4-B72F-8490324EC9F0}.Release|x86.Build.0 = Release|Any CPU
		{4FBB470F-69EB-4C8B-8961-8B4DF4EBB999}.Debug|Any CPU.ActiveCfg = Debug|Any CPU
		{4FBB470F-69EB-4C8B-8961-8B4DF4EBB999}.Debug|Any CPU.Build.0 = Debug|Any CPU
		{4FBB470F-69EB-4C8B-8961-8B4DF4EBB999}.Debug|x64.ActiveCfg = Debug|Any CPU
		{4FBB470F-69EB-4C8B-8961-8B4DF4EBB999}.Debug|x64.Build.0 = Debug|Any CPU
		{4FBB470F-69EB-4C8B-8961-8B4DF4EBB999}.Debug|x86.ActiveCfg = Debug|Any CPU
		{4FBB470F-69EB-4C8B-8961-8B4DF4EBB999}.Debug|x86.Build.0 = Debug|Any CPU
		{4FBB470F-69EB-4C8B-8961-8B4DF4EBB999}.Release|Any CPU.ActiveCfg = Release|Any CPU
		{4FBB470F-69EB-4C8B-8961-8B4DF4EBB999}.Release|Any CPU.Build.0 = Release|Any CPU
		{4FBB470F-69EB-4C8B-8961-8B4DF4EBB999}.Release|x64.ActiveCfg = Release|Any CPU
		{4FBB470F-69EB-4C8B-8961-8B4DF4EBB999}.Release|x64.Build.0 = Release|Any CPU
		{4FBB470F-69EB-4C8B-8961-8B4DF4EBB999}.Release|x86.ActiveCfg = Release|Any CPU
		{4FBB470F-69EB-4C8B-8961-8B4DF4EBB999}.Release|x86.Build.0 = Release|Any CPU
		{F8EFCF9D-B9A3-4BA0-A1B2-B026A71DAC22}.Debug|Any CPU.ActiveCfg = Debug|Any CPU
		{F8EFCF9D-B9A3-4BA0-A1B2-B026A71DAC22}.Debug|Any CPU.Build.0 = Debug|Any CPU
		{F8EFCF9D-B9A3-4BA0-A1B2-B026A71DAC22}.Debug|x64.ActiveCfg = Debug|Any CPU
		{F8EFCF9D-B9A3-4BA0-A1B2-B026A71DAC22}.Debug|x64.Build.0 = Debug|Any CPU
		{F8EFCF9D-B9A3-4BA0-A1B2-B026A71DAC22}.Debug|x86.ActiveCfg = Debug|Any CPU
		{F8EFCF9D-B9A3-4BA0-A1B2-B026A71DAC22}.Debug|x86.Build.0 = Debug|Any CPU
		{F8EFCF9D-B9A3-4BA0-A1B2-B026A71DAC22}.Release|Any CPU.ActiveCfg = Release|Any CPU
		{F8EFCF9D-B9A3-4BA0-A1B2-B026A71DAC22}.Release|Any CPU.Build.0 = Release|Any CPU
		{F8EFCF9D-B9A3-4BA0-A1B2-B026A71DAC22}.Release|x64.ActiveCfg = Release|Any CPU
		{F8EFCF9D-B9A3-4BA0-A1B2-B026A71DAC22}.Release|x64.Build.0 = Release|Any CPU
		{F8EFCF9D-B9A3-4BA0-A1B2-B026A71DAC22}.Release|x86.ActiveCfg = Release|Any CPU
		{F8EFCF9D-B9A3-4BA0-A1B2-B026A71DAC22}.Release|x86.Build.0 = Release|Any CPU
		{81A30182-3378-4952-8880-F44822390040}.Debug|Any CPU.ActiveCfg = Debug|Any CPU
		{81A30182-3378-4952-8880-F44822390040}.Debug|Any CPU.Build.0 = Debug|Any CPU
		{81A30182-3378-4952-8880-F44822390040}.Debug|x64.ActiveCfg = Debug|Any CPU
		{81A30182-3378-4952-8880-F44822390040}.Debug|x64.Build.0 = Debug|Any CPU
		{81A30182-3378-4952-8880-F44822390040}.Debug|x86.ActiveCfg = Debug|Any CPU
		{81A30182-3378-4952-8880-F44822390040}.Debug|x86.Build.0 = Debug|Any CPU
		{81A30182-3378-4952-8880-F44822390040}.Release|Any CPU.ActiveCfg = Release|Any CPU
		{81A30182-3378-4952-8880-F44822390040}.Release|Any CPU.Build.0 = Release|Any CPU
		{81A30182-3378-4952-8880-F44822390040}.Release|x64.ActiveCfg = Release|Any CPU
		{81A30182-3378-4952-8880-F44822390040}.Release|x64.Build.0 = Release|Any CPU
		{81A30182-3378-4952-8880-F44822390040}.Release|x86.ActiveCfg = Release|Any CPU
		{81A30182-3378-4952-8880-F44822390040}.Release|x86.Build.0 = Release|Any CPU
		{2C085978-F6EC-4684-B987-802D4CFEC3E9}.Debug|Any CPU.ActiveCfg = Debug|Any CPU
		{2C085978-F6EC-4684-B987-802D4CFEC3E9}.Debug|Any CPU.Build.0 = Debug|Any CPU
		{2C085978-F6EC-4684-B987-802D4CFEC3E9}.Debug|x64.ActiveCfg = Debug|Any CPU
		{2C085978-F6EC-4684-B987-802D4CFEC3E9}.Debug|x64.Build.0 = Debug|Any CPU
		{2C085978-F6EC-4684-B987-802D4CFEC3E9}.Debug|x86.ActiveCfg = Debug|Any CPU
		{2C085978-F6EC-4684-B987-802D4CFEC3E9}.Debug|x86.Build.0 = Debug|Any CPU
		{2C085978-F6EC-4684-B987-802D4CFEC3E9}.Release|Any CPU.ActiveCfg = Release|Any CPU
		{2C085978-F6EC-4684-B987-802D4CFEC3E9}.Release|Any CPU.Build.0 = Release|Any CPU
		{2C085978-F6EC-4684-B987-802D4CFEC3E9}.Release|x64.ActiveCfg = Release|Any CPU
		{2C085978-F6EC-4684-B987-802D4CFEC3E9}.Release|x64.Build.0 = Release|Any CPU
		{2C085978-F6EC-4684-B987-802D4CFEC3E9}.Release|x86.ActiveCfg = Release|Any CPU
		{2C085978-F6EC-4684-B987-802D4CFEC3E9}.Release|x86.Build.0 = Release|Any CPU
		{818CA2D4-175F-4DC1-9C83-189D2CA74ABA}.Debug|Any CPU.ActiveCfg = Debug|Any CPU
		{818CA2D4-175F-4DC1-9C83-189D2CA74ABA}.Debug|Any CPU.Build.0 = Debug|Any CPU
		{818CA2D4-175F-4DC1-9C83-189D2CA74ABA}.Debug|x64.ActiveCfg = Debug|Any CPU
		{818CA2D4-175F-4DC1-9C83-189D2CA74ABA}.Debug|x64.Build.0 = Debug|Any CPU
		{818CA2D4-175F-4DC1-9C83-189D2CA74ABA}.Debug|x86.ActiveCfg = Debug|Any CPU
		{818CA2D4-175F-4DC1-9C83-189D2CA74ABA}.Debug|x86.Build.0 = Debug|Any CPU
		{818CA2D4-175F-4DC1-9C83-189D2CA74ABA}.Release|Any CPU.ActiveCfg = Release|Any CPU
		{818CA2D4-175F-4DC1-9C83-189D2CA74ABA}.Release|Any CPU.Build.0 = Release|Any CPU
		{818CA2D4-175F-4DC1-9C83-189D2CA74ABA}.Release|x64.ActiveCfg = Release|Any CPU
		{818CA2D4-175F-4DC1-9C83-189D2CA74ABA}.Release|x64.Build.0 = Release|Any CPU
		{818CA2D4-175F-4DC1-9C83-189D2CA74ABA}.Release|x86.ActiveCfg = Release|Any CPU
		{818CA2D4-175F-4DC1-9C83-189D2CA74ABA}.Release|x86.Build.0 = Release|Any CPU
		{20AF56FB-DC0F-4048-B75D-83FEE0D669B2}.Debug|Any CPU.ActiveCfg = Debug|Any CPU
		{20AF56FB-DC0F-4048-B75D-83FEE0D669B2}.Debug|Any CPU.Build.0 = Debug|Any CPU
		{20AF56FB-DC0F-4048-B75D-83FEE0D669B2}.Debug|x64.ActiveCfg = Debug|Any CPU
		{20AF56FB-DC0F-4048-B75D-83FEE0D669B2}.Debug|x64.Build.0 = Debug|Any CPU
		{20AF56FB-DC0F-4048-B75D-83FEE0D669B2}.Debug|x86.ActiveCfg = Debug|Any CPU
		{20AF56FB-DC0F-4048-B75D-83FEE0D669B2}.Debug|x86.Build.0 = Debug|Any CPU
		{20AF56FB-DC0F-4048-B75D-83FEE0D669B2}.Release|Any CPU.ActiveCfg = Release|Any CPU
		{20AF56FB-DC0F-4048-B75D-83FEE0D669B2}.Release|Any CPU.Build.0 = Release|Any CPU
		{20AF56FB-DC0F-4048-B75D-83FEE0D669B2}.Release|x64.ActiveCfg = Release|Any CPU
		{20AF56FB-DC0F-4048-B75D-83FEE0D669B2}.Release|x64.Build.0 = Release|Any CPU
		{20AF56FB-DC0F-4048-B75D-83FEE0D669B2}.Release|x86.ActiveCfg = Release|Any CPU
		{20AF56FB-DC0F-4048-B75D-83FEE0D669B2}.Release|x86.Build.0 = Release|Any CPU
		{AF43A431-AAF7-4758-A180-42C378AE0FB2}.Debug|Any CPU.ActiveCfg = Debug|Any CPU
		{AF43A431-AAF7-4758-A180-42C378AE0FB2}.Debug|Any CPU.Build.0 = Debug|Any CPU
		{AF43A431-AAF7-4758-A180-42C378AE0FB2}.Debug|x64.ActiveCfg = Debug|Any CPU
		{AF43A431-AAF7-4758-A180-42C378AE0FB2}.Debug|x64.Build.0 = Debug|Any CPU
		{AF43A431-AAF7-4758-A180-42C378AE0FB2}.Debug|x86.ActiveCfg = Debug|Any CPU
		{AF43A431-AAF7-4758-A180-42C378AE0FB2}.Debug|x86.Build.0 = Debug|Any CPU
		{AF43A431-AAF7-4758-A180-42C378AE0FB2}.Release|Any CPU.ActiveCfg = Release|Any CPU
		{AF43A431-AAF7-4758-A180-42C378AE0FB2}.Release|Any CPU.Build.0 = Release|Any CPU
		{AF43A431-AAF7-4758-A180-42C378AE0FB2}.Release|x64.ActiveCfg = Release|Any CPU
		{AF43A431-AAF7-4758-A180-42C378AE0FB2}.Release|x64.Build.0 = Release|Any CPU
		{AF43A431-AAF7-4758-A180-42C378AE0FB2}.Release|x86.ActiveCfg = Release|Any CPU
		{AF43A431-AAF7-4758-A180-42C378AE0FB2}.Release|x86.Build.0 = Release|Any CPU
		{62B21FB3-2A55-4F51-8892-9D6B9864BC22}.Debug|Any CPU.ActiveCfg = Debug|Any CPU
		{62B21FB3-2A55-4F51-8892-9D6B9864BC22}.Debug|Any CPU.Build.0 = Debug|Any CPU
		{62B21FB3-2A55-4F51-8892-9D6B9864BC22}.Debug|x64.ActiveCfg = Debug|Any CPU
		{62B21FB3-2A55-4F51-8892-9D6B9864BC22}.Debug|x64.Build.0 = Debug|Any CPU
		{62B21FB3-2A55-4F51-8892-9D6B9864BC22}.Debug|x86.ActiveCfg = Debug|Any CPU
		{62B21FB3-2A55-4F51-8892-9D6B9864BC22}.Debug|x86.Build.0 = Debug|Any CPU
		{62B21FB3-2A55-4F51-8892-9D6B9864BC22}.Release|Any CPU.ActiveCfg = Release|Any CPU
		{62B21FB3-2A55-4F51-8892-9D6B9864BC22}.Release|Any CPU.Build.0 = Release|Any CPU
		{62B21FB3-2A55-4F51-8892-9D6B9864BC22}.Release|x64.ActiveCfg = Release|Any CPU
		{62B21FB3-2A55-4F51-8892-9D6B9864BC22}.Release|x64.Build.0 = Release|Any CPU
		{62B21FB3-2A55-4F51-8892-9D6B9864BC22}.Release|x86.ActiveCfg = Release|Any CPU
		{62B21FB3-2A55-4F51-8892-9D6B9864BC22}.Release|x86.Build.0 = Release|Any CPU
	EndGlobalSection
	GlobalSection(SolutionProperties) = preSolution
		HideSolutionNode = FALSE
	EndGlobalSection
EndGlobal
