{
  "version": 1,
  "dependencies": {
    "net10.0": {
      "SixLabors.ImageSharp": {
        "type": "Direct",
        "requested": "[3.1.11, )",
        "resolved": "3.1.11",
        "contentHash": "JfPLyigLthuE50yi6tMt7Amrenr/fA31t2CvJyhy/kQmfulIBAqo5T/YFUSRHtuYPXRSaUHygFeh6Qd933EoSw=="
      },
      "SixLabors.ImageSharp.Drawing": {
        "type": "Direct",
        "requested": "[2.1.4, )",
        "resolved": "2.1.4",
        "contentHash": "p4VwtAABggDUhUS5zXldCZHVGfjJl76+SrBHY4biNQ8+890igFK6RL87qIv9GqvEjMcYOar1sPkf2iMQ6uq9/g==",
        "dependencies": {
          "SixLabors.Fonts": "2.0.4",
          "SixLabors.ImageSharp": "3.1.5"
        }
      },
      "SixLabors.Fonts": {
        "type": "Transitive",
        "resolved": "2.0.4",
        "contentHash": "4+NKz8W36injp98lmmM07ncp08HAK8c6FZz8vLoKxRPfJeEVWpBHlLYEbQa5rcqKKYqxUv/RVCrb8XcPhfMKUQ=="
      }
    }
  }
}