{
  "version": 1,
  "dependencies": {
    "net10.0": {
      "Magick.NET-Q8-AnyCPU": {
        "type": "Direct",
        "requested": "[14.17.2, )",
        "resolved": "14.17.2",
        "contentHash": "AIvpBH4fvP3/NUwvWsVj9SxAA6hrU4p5/RNfColyrDn4jipl7loR6y4ZgYLXfBQgjmSEc7m2D2DbkWMnZt+brg==",
        "dependencies": {
          "Magick.NET.Core": "14.17.2"
        }
      },
      "Magick.NET.Core": {
        "type": "Transitive",
        "resolved": "14.17.2",
        "contentHash": "KKvR6eBUcfgkZpfHfN/UKRcK/FjHW6NXXoRRf5HJdhFk5bYLEEFuKu6op0zfNo6Msah51Yw42p599pz3A0CDQQ=="
      }
    }
  }
}