{
  "version": 2,
  "dependencies": {
    "net11.0": {
      "AwesomeAssertions": {
        "type": "Direct",
        "requested": "[9.6.0, )",
        "resolved": "9.6.0",
        "contentHash": "8kdtgI+tZIgP46ncnk650/dU4JSrn+n2Dkic8FvjIFn72P6Nv1Afyr5F8F3PsokHg1GBSBVo1/Z+eZOrU5esSA=="
      },
      "coverlet.MTP": {
        "type": "Direct",
        "requested": "[10.0.1, )",
        "resolved": "10.0.1",
        "contentHash": "VR4/Y0Arr8cdIKhYE5dZCI2XU1ShCHZEAgm+LjokTThl1vzy9scqq8NDLETok5AchMTtsUQqcAU81N1cgHUclg==",
        "dependencies": {
          "Microsoft.Extensions.Configuration": "10.0.8",
          "Microsoft.Extensions.Configuration.Json": "10.0.8",
          "Microsoft.Extensions.DependencyInjection": "10.0.8",
          "Microsoft.Testing.Platform": "2.2.2"
        }
      },
      "Microsoft.Testing.Extensions.TrxReport": {
        "type": "Direct",
        "requested": "[2.4.0, )",
        "resolved": "2.4.0",
        "contentHash": "WkOaIp/ivwcaF34rmUAIjafnWJ/chI/2hvH/wLQlLXKNDDvaRYvjkxWC7l0+Ib+C4dGrylUonM4kHwJujlkVKw==",
        "dependencies": {
          "Microsoft.Testing.Extensions.TrxReport.Abstractions": "2.4.0",
          "Microsoft.Testing.Platform": "[2.4.0, 3.0.0)"
        }
      },
      "Microsoft.Testing.Extensions.VSTestBridge": {
        "type": "Direct",
        "requested": "[2.4.0, )",
        "resolved": "2.4.0",
        "contentHash": "vIQj0nkwzfZgdtbxcTF6JVPVuR19hmA6sQ3tSxZgfVnYZHyHxhQLpaiw9MotrOgPDwk4uvenjXh4TFH681k7xg==",
        "dependencies": {
          "Microsoft.TestPlatform.ObjectModel": "18.9.0",
          "Microsoft.Testing.Extensions.Telemetry": "2.4.0",
          "Microsoft.Testing.Extensions.TrxReport.Abstractions": "2.4.0",
          "Microsoft.Testing.Platform": "[2.4.0, 3.0.0)"
        }
      },
      "NUnit": {
        "type": "Direct",
        "requested": "[4.6.1, )",
        "resolved": "4.6.1",
        "contentHash": "xS4+YaBFUv1r8bcAbjitSfYaRZGfMwUiMdiaRziBXZpKgVxKDSHhjUn0mV5mObHGZRZq6eNa+WFWr3g8grj66A=="
      },
      "NUnit3TestAdapter": {
        "type": "Direct",
        "requested": "[6.3.0, )",
        "resolved": "6.3.0",
        "contentHash": "8ZD+0dIfDHsL4w4Gl/LPxWH0O4ky3hFXqTZjY+ry0ThI3cMVErr9Tjxal5O5wJxGXh50a9qkDEAWVca8KQYCEw==",
        "dependencies": {
          "Microsoft.Extensions.DependencyModel": "8.0.2",
          "Microsoft.Testing.Extensions.VSTestBridge": "2.3.3",
          "Microsoft.Testing.Platform.MSBuild": "2.3.3"
        }
      },
      "TomsToolbox.Composition.Analyzer": {
        "type": "Direct",
        "requested": "[2.24.0, )",
        "resolved": "2.24.0",
        "contentHash": "dKHqW1MeAMnDIbtx8qDTsGwy/7LUiQ3ccdzHX0PzCh1r98Lgl/1deIky9+ojZO0K5HjeA7uE+eW9/h+v7EOIBA=="
      },
      "Microsoft.ApplicationInsights": {
        "type": "Transitive",
        "resolved": "2.23.0",
        "contentHash": "nWArUZTdU7iqZLycLKWe0TDms48KKGE6pONH2terYNa8REXiqixrMOkf1sk5DHGMaUTqONU2YkS4SAXBhLStgw==",
        "dependencies": {
          "System.Diagnostics.DiagnosticSource": "5.0.0"
        }
      },
      "Microsoft.Extensions.Configuration.Abstractions": {
        "type": "Transitive",
        "resolved": "10.0.12",
        "contentHash": "8xaGcvS/qZ1otoxPQCEJkNva389CVL/plNcvIETZhQTETYdRkYDPEYhUMoAGONo4FU45ufdfE0j29AfWVVj0wA==",
        "dependencies": {
          "Microsoft.Extensions.Primitives": "10.0.12"
        }
      },
      "Microsoft.Extensions.Configuration.FileExtensions": {
        "type": "Transitive",
        "resolved": "10.0.12",
        "contentHash": "PNPS7yYH9U2M0dExn0tMkQFVtE53xTlCs/dgTfsWTTFyCF6qwGT3VrTgm2nnnkSRlSmvM9/J+n9xCpyzd9xTpQ==",
        "dependencies": {
          "Microsoft.Extensions.Configuration": "10.0.12",
          "Microsoft.Extensions.Configuration.Abstractions": "10.0.12",
          "Microsoft.Extensions.FileProviders.Abstractions": "10.0.12",
          "Microsoft.Extensions.FileProviders.Physical": "10.0.12",
          "Microsoft.Extensions.Primitives": "10.0.12"
        }
      },
      "Microsoft.Extensions.DependencyInjection": {
        "type": "Transitive",
        "resolved": "10.0.8",
        "contentHash": "daf62xHIrq8pnE709hgaZZN9tSam9TGGepWe1+bE6V3GEuVwJiMs6ib+38lfMCyAJAHiX0vapxBhsuMSV7U+cg==",
        "dependencies": {
          "Microsoft.Extensions.DependencyInjection.Abstractions": "10.0.8"
        }
      },
      "Microsoft.Extensions.DependencyModel": {
        "type": "Transitive",
        "resolved": "8.0.2",
        "contentHash": "mUBDZZRgZrSyFOsJ2qJJ9fXfqd/kXJwf3AiDoqLD9m6TjY5OO/vLNOb9fb4juC0487eq4hcGN/M2Rh/CKS7QYw=="
      },
      "Microsoft.Extensions.FileProviders.Abstractions": {
        "type": "Transitive",
        "resolved": "10.0.12",
        "contentHash": "iQseV6HixWzEYQH4i++84ToIroXnM5jC1TJF4EqBz3lWNG1HBTMYDLkRb6Wm3wk5V6WqSfl7NukO/LYsloGyfg==",
        "dependencies": {
          "Microsoft.Extensions.Primitives": "10.0.12"
        }
      },
      "Microsoft.Extensions.FileProviders.Physical": {
        "type": "Transitive",
        "resolved": "10.0.12",
        "contentHash": "3cY+wo2+Qe65BVwShhr2fFqZv5Ns73h3kX4mpW3WvSgfT3AWCk0hKArKW4TF7Dg3mvbJdA6RhWPW7FR+PS5/1w==",
        "dependencies": {
          "Microsoft.Extensions.FileProviders.Abstractions": "10.0.12",
          "Microsoft.Extensions.FileSystemGlobbing": "10.0.12",
          "Microsoft.Extensions.Primitives": "10.0.12"
        }
      },
      "Microsoft.Extensions.FileSystemGlobbing": {
        "type": "Transitive",
        "resolved": "10.0.12",
        "contentHash": "45cV+UeI0chPAIXrx9Wv7K4PJXuuIR2pnOur5MOAo6kOFclBHSLLDrvGAxMfWRMtUvpv/kQZkxlgaUN56jwzSQ=="
      },
      "Microsoft.Extensions.Primitives": {
        "type": "Transitive",
        "resolved": "10.0.12",
        "contentHash": "dYfCLR52UA+3DL7C4I/pvSaRPkNqxrUAQmbFL2u0zvYKKzqgrFCJl08Df+F1aYc8leu9JvpC9bsURUdpExcBXQ=="
      },
      "Microsoft.Testing.Extensions.Telemetry": {
        "type": "Transitive",
        "resolved": "2.4.0",
        "contentHash": "JeP1RFqBa11fWmBk8xEfZcMKr4rxWSyI6OZ+659V069CaMkTEOQBW2UdSSeNz3absOsygcn7JJkzerC4LGnZ9w==",
        "dependencies": {
          "Microsoft.ApplicationInsights": "2.23.0",
          "Microsoft.Testing.Platform": "[2.4.0, 3.0.0)"
        }
      },
      "Microsoft.Testing.Extensions.TrxReport.Abstractions": {
        "type": "Transitive",
        "resolved": "2.4.0",
        "contentHash": "uRb+4qM42dFDg4kWJZ2kFEcwESNVCRZJjItp5vETorN3rSJGysP617LqYirOcrCYmxg+obPreHMM5JcsNDKtBw==",
        "dependencies": {
          "Microsoft.Testing.Platform": "[2.4.0, 3.0.0)"
        }
      },
      "Microsoft.Testing.Platform": {
        "type": "Transitive",
        "resolved": "2.4.0",
        "contentHash": "dp1N3P1ujb0ztwFgqz2o/ItEvq+pm19/AiA+Xq7Zpcy7oPMcxDBZLYGtf0LlU1MveEBJuKVjZhI+LnkfcH/0jQ=="
      },
      "Microsoft.Testing.Platform.MSBuild": {
        "type": "Transitive",
        "resolved": "2.3.3",
        "contentHash": "iVAvNbZ5JPDZSrTcIrCDoCsAkzjDxwDEt2mDuMd8ng1P6e2P2NCd0g0BsoBVG+nJLSmK//V+yeEvjCa3E2fxHw==",
        "dependencies": {
          "Microsoft.Testing.Platform": "2.3.3"
        }
      },
      "Microsoft.TestPlatform.ObjectModel": {
        "type": "Transitive",
        "resolved": "18.9.0",
        "contentHash": "Fz/qXC52VXXopzHj7v2reCKcCqSxkTDCkEDfkNAH0vni/7qK/KLMiEYtRmnUanxO2F2g2zZZ60qCpxF0AF7URA=="
      },
      "System.Diagnostics.DiagnosticSource": {
        "type": "Transitive",
        "resolved": "5.0.0",
        "contentHash": "tCQTzPsGZh/A9LhhA6zrqCRV4hOHsK90/G7q3Khxmn6tnB1PuNU0cRaKANP2AWcF9bn0zsuOoZOSrHuJk6oNBA=="
      },
      "icsharpcode.bamldecompiler": {
        "type": "Project",
        "dependencies": {
          "ICSharpCode.Decompiler": "[8.0.0-noversion, )"
        }
      },
      "icsharpcode.decompiler": {
        "type": "Project",
        "dependencies": {
          "System.Collections.Immutable": "[9.0.0, )",
          "System.Reflection.Metadata": "[9.0.0, )"
        }
      },
      "Microsoft.Extensions.Configuration": {
        "type": "CentralTransitive",
        "requested": "[10.0.12, )",
        "resolved": "10.0.12",
        "contentHash": "e3IPP32CRNL031VZJAUTlCTG0YN7WFh4mN3fsSHTDQCJB+3+f0jGycv4fXk3rrftaY3B85XrQaj7sRthrOsavg==",
        "dependencies": {
          "Microsoft.Extensions.Configuration.Abstractions": "10.0.12",
          "Microsoft.Extensions.Primitives": "10.0.12"
        }
      },
      "Microsoft.Extensions.Configuration.Json": {
        "type": "CentralTransitive",
        "requested": "[10.0.12, )",
        "resolved": "10.0.12",
        "contentHash": "H4u2ZeIhjmRQvbHj7S7U4MK1kXb0khx3UtOWcir32VHczdFyIVF0lvHew/VVHmCF7Uk0QseAUaO7HyFKOCSiKA==",
        "dependencies": {
          "Microsoft.Extensions.Configuration": "10.0.12",
          "Microsoft.Extensions.Configuration.Abstractions": "10.0.12",
          "Microsoft.Extensions.Configuration.FileExtensions": "10.0.12",
          "Microsoft.Extensions.FileProviders.Abstractions": "10.0.12"
        }
      },
      "Microsoft.Extensions.DependencyInjection.Abstractions": {
        "type": "CentralTransitive",
        "requested": "[10.0.12, )",
        "resolved": "10.0.12",
        "contentHash": "9/qymSh7hVDMGTGwrLz8MRp5zRyXy9adGDOs4HwRdnLil3oZGYuWeZjbmHgCQ9BL1qBroVfgUK3U/nb61617Cw=="
      },
      "System.Collections.Immutable": {
        "type": "CentralTransitive",
        "requested": "[10.0.12, )",
        "resolved": "10.0.12",
        "contentHash": "tRMzrybcwEEaudfpL9ghzfnSjEVVuhKa5sR86q30mYxXJdcKOLSBkpMFm62CGsbB50diPZta73Pxu8DgjGdDbA=="
      },
      "System.Reflection.Metadata": {
        "type": "CentralTransitive",
        "requested": "[10.0.12, )",
        "resolved": "10.0.12",
        "contentHash": "GvhJ5dVmJAw89wCWCyHXaU4A9iZjUtAW/ucshV6EpDW3l7VD8zHSWO14SHVD3m3jSuSE+FcNTrQFquJSQqJVVA=="
      }
    }
  }
}