{
  "version": 1,
  "dependencies": {
    ".NETStandard,Version=v2.0": {
      "Microsoft.CodeAnalysis.NetAnalyzers": {
        "type": "Direct",
        "requested": "[10.0.201, )",
        "resolved": "10.0.201",
        "contentHash": "MTE+F0fj0N8dtfkEGIcX3/rEycMbOf54DXq/n6n8cE6ZfDIPEElY8lc4X5BpZ+c7DBoQDGLG0iBY/W0YZ3nhtw=="
      },
      "Microsoft.Sbom.Targets": {
        "type": "Direct",
        "requested": "[4.1.5, )",
        "resolved": "4.1.5",
        "contentHash": "i5z+cNu/cOcdO0AgFB8aXk8w6In2H+haaDfSgd9ImvQIK+rSHavHZIogVoAZLL8jLwYx4bAcs5b7EyuMMG4mQQ=="
      },
      "Microsoft.SourceLink.GitHub": {
        "type": "Direct",
        "requested": "[10.0.201, )",
        "resolved": "10.0.201",
        "contentHash": "qxYAmO4ktzd9L+HMdnqWucxpu7bI9undPyACXOMqPyhaiMtbpbYL/n0ACyWIJlbyEJrXFwxiOaBOSasLtDvsCg==",
        "dependencies": {
          "Microsoft.Build.Tasks.Git": "10.0.201",
          "Microsoft.SourceLink.Common": "10.0.201",
          "System.IO.Hashing": "10.0.5"
        }
      },
      "NETStandard.Library": {
        "type": "Direct",
        "requested": "[2.0.3, )",
        "resolved": "2.0.3",
        "contentHash": "st47PosZSHrjECdjeIzZQbzivYBJFv6P2nv4cj2ypdI204DO+vZ7l5raGMiX4eXMJ53RfOIg+/s4DHVZ54Nu2A==",
        "dependencies": {
          "Microsoft.NETCore.Platforms": "1.1.0"
        }
      },
      "System.Collections.Immutable": {
        "type": "Direct",
        "requested": "[9.0.0, )",
        "resolved": "9.0.0",
        "contentHash": "QhkXUl2gNrQtvPmtBTQHb0YsUrDiDQ2QS09YbtTTiSjGcf7NBqtYbrG/BE06zcBPCKEwQGzIv13IVdXNOSub2w==",
        "dependencies": {
          "System.Memory": "4.5.5",
          "System.Runtime.CompilerServices.Unsafe": "6.0.0"
        }
      },
      "System.Reflection.Metadata": {
        "type": "Direct",
        "requested": "[9.0.0, )",
        "resolved": "9.0.0",
        "contentHash": "ANiqLu3DxW9kol/hMmTWbt3414t9ftdIuiIU7j80okq2YzAueo120M442xk1kDJWtmZTqWQn7wHDvMRipVOEOQ==",
        "dependencies": {
          "System.Collections.Immutable": "9.0.0",
          "System.Memory": "4.5.5"
        }
      },
      "TunnelVisionLabs.ReferenceAssemblyAnnotator": {
        "type": "Direct",
        "requested": "[1.0.0-alpha.160, )",
        "resolved": "1.0.0-alpha.160",
        "contentHash": "ktxB8PGoPpIaYKjLk/+P94Fi2Qw2E1Dw7atBQRrKnHA57sk8WwmkI4RJmg6s5ph4k1RIaaAZMus05ah/AikEkA=="
      },
      "Microsoft.Build.Tasks.Git": {
        "type": "Transitive",
        "resolved": "10.0.201",
        "contentHash": "DMYBnrFZvLnBKn14VavEuuIr31CY6YY2i2L9P8DorS/Qp6ifRR8ZPLdJCFLFfjikNq8DykbYyLd/RP6lSqHcWw==",
        "dependencies": {
          "System.IO.Hashing": "10.0.5"
        }
      },
      "Microsoft.NETCore.Platforms": {
        "type": "Transitive",
        "resolved": "1.1.0",
        "contentHash": "kz0PEW2lhqygehI/d6XsPCQzD7ff7gUJaVGPVETX611eadGsA3A877GdSlU0LRVMCTH/+P3o2iDTak+S08V2+A=="
      },
      "Microsoft.SourceLink.Common": {
        "type": "Transitive",
        "resolved": "10.0.201",
        "contentHash": "QbBYhkjgL6rCnBfDbzsAJLlsad13TlBHqYCFDIw56OO2g6ix+9RsmY8uxiQGdWwFKbZXaXyAA6jDCzFYVGCZDw=="
      },
      "System.Buffers": {
        "type": "Transitive",
        "resolved": "4.6.1",
        "contentHash": "N8GXpmiLMtljq7gwvyS+1QvKT/W2J8sNAvx+HVg4NGmsG/H+2k/y9QI23auLJRterrzCiDH+IWAw4V/GPwsMlw=="
      },
      "System.IO.Hashing": {
        "type": "Transitive",
        "resolved": "10.0.5",
        "contentHash": "8IBJWcCT9+e4Bmevm4T7+fQEiAh133KGiz4oiVTgJckd3Q76OFdR1falgn9lpz7+C4HJvogCDJeAa2QmvbeVtg==",
        "dependencies": {
          "System.Buffers": "4.6.1",
          "System.Memory": "4.6.3"
        }
      },
      "System.Memory": {
        "type": "Transitive",
        "resolved": "4.6.3",
        "contentHash": "qdcDOgnFZY40+Q9876JUHnlHu7bosOHX8XISRoH94fwk6hgaeQGSgfZd8srWRZNt5bV9ZW2TljcegDNxsf+96A==",
        "dependencies": {
          "System.Buffers": "4.6.1",
          "System.Numerics.Vectors": "4.6.1",
          "System.Runtime.CompilerServices.Unsafe": "6.1.2"
        }
      },
      "System.Numerics.Vectors": {
        "type": "Transitive",
        "resolved": "4.6.1",
        "contentHash": "sQxefTnhagrhoq2ReR0D/6K0zJcr9Hrd6kikeXsA1I8kOCboTavcUC4r7TSfpKFeE163uMuxZcyfO1mGO3EN8Q=="
      },
      "System.Runtime.CompilerServices.Unsafe": {
        "type": "Transitive",
        "resolved": "6.1.2",
        "contentHash": "2hBr6zdbIBTDE3EhK7NSVNdX58uTK6iHW/P/Axmm9sl1xoGSLqDvMtpecn226TNwHByFokYwJmt/aQQNlO5CRw=="
      }
    }
  }
}