{
  "version": 2,
  "dependencies": {
    "net8.0": {
      "Microsoft.Sbom.Targets": {
        "type": "Direct",
        "requested": "[3.1.0, )",
        "resolved": "3.1.0",
        "contentHash": "DIQsbVmWlIls255FP+20Lm5dhXiMXM/i4dWh+7Gnt0qnrTBNjR1nh1Ulm7JJVB2tTOI7DjIiDFBF2xn6FR9MJQ=="
      },
      "TomsToolbox.Composition.Analyzer": {
        "type": "Direct",
        "requested": "[2.22.0, )",
        "resolved": "2.22.0",
        "contentHash": "weoSADFwnD+3fyvTX3NEdQHOHXZs3wiCiv1WCvjd19KHCXjS0o0vEib/PVsymWrLjmp8ryCoxO8t5N0t3GSc5g=="
      },
      "icsharpcode.decompiler": {
        "type": "Project",
        "dependencies": {
          "System.Collections.Immutable": "[10.0.0-preview.3.25171.5, )",
          "System.Reflection.Metadata": "[10.0.0-preview.3.25171.5, )"
        }
      },
      "System.Collections.Immutable": {
        "type": "CentralTransitive",
        "requested": "[10.0.0-preview.3.25171.5, )",
        "resolved": "10.0.0-preview.3.25171.5",
        "contentHash": "7EVfTaDkWy2g0uHIAtOzylYwb/T/khQEPUMfgqTxviPjH+9Aqm/Qnrf+nzLzGdgfV8o3UXFgI7iJUM4ZHxH2hQ=="
      },
      "System.Reflection.Metadata": {
        "type": "CentralTransitive",
        "requested": "[10.0.0-preview.3.25171.5, )",
        "resolved": "10.0.0-preview.3.25171.5",
        "contentHash": "+vmMtMSXPQTYqaHoLgWcd39Pwb7yGD4sCewmvVrdNzziRCBxjf6/DK8XCWzELxNsLhOmViZ4LIIr+uPa6K5pRw==",
        "dependencies": {
          "System.Collections.Immutable": "10.0.0-preview.3.25171.5"
        }
      }
    }
  }
}