{
  "version": 2,
  "dependencies": {
    "net8.0": {
      "Microsoft.Sbom.Targets": {
        "type": "Direct",
        "requested": "[3.0.1, )",
        "resolved": "3.0.1",
        "contentHash": "/5cyDjX6sDJpgWvMUVwUK7XXa4PIzQWcbUCdsLpAUCqlXRymF0mIMzLVTcAmA55qmTS9cpnjh+28xZD4qKBxQA=="
      },
      "TomsToolbox.Composition.Analyzer": {
        "type": "Direct",
        "requested": "[2.21.0, )",
        "resolved": "2.21.0",
        "contentHash": "vJx9hxAzjni34slGz78ewqYP9Ylk8dJszfEUK1TF5cflVKMBO3ORSFd0FtICTwJtE8munvZrMrcLWwXt5bIcEA=="
      },
      "icsharpcode.decompiler": {
        "type": "Project",
        "dependencies": {
          "System.Collections.Immutable": "[6.0.0, )",
          "System.Reflection.Metadata": "[6.0.0, )"
        }
      },
      "System.Collections.Immutable": {
        "type": "CentralTransitive",
        "requested": "[9.0.1, )",
        "resolved": "6.0.0",
        "contentHash": "l4zZJ1WU2hqpQQHXz1rvC3etVZN+2DLmQMO79FhOTZHMn8tDRr+WU287sbomD0BETlmKDn0ygUgVy9k5xkkJdA==",
        "dependencies": {
          "System.Runtime.CompilerServices.Unsafe": "6.0.0"
        }
      },
      "System.Reflection.Metadata": {
        "type": "CentralTransitive",
        "requested": "[9.0.1, )",
        "resolved": "6.0.0",
        "contentHash": "sffDOcex1C3HO5kDolOYcWXTwRpZY/LvJujM6SMjn63fWMJWchYAAmkoAJXlbpZ5yf4d+KMgxd+LeETa4gD9sQ==",
        "dependencies": {
          "System.Collections.Immutable": "6.0.0"
        }
      },
      "System.Runtime.CompilerServices.Unsafe": {
        "type": "CentralTransitive",
        "requested": "[6.1.0, )",
        "resolved": "6.0.0",
        "contentHash": "/iUeP3tq1S0XdNNoMz5C9twLSrM/TH+qElHkXWaPvuNOt+99G75NrV0OS2EqHx5wMN7popYjpc8oTjC1y16DLg=="
      }
    }
  }
}