{
  "version": 2,
  "dependencies": {
    "net10.0": {
      "Microsoft.Sbom.Targets": {
        "type": "Direct",
        "requested": "[4.1.5, )",
        "resolved": "4.1.5",
        "contentHash": "i5z+cNu/cOcdO0AgFB8aXk8w6In2H+haaDfSgd9ImvQIK+rSHavHZIogVoAZLL8jLwYx4bAcs5b7EyuMMG4mQQ=="
      },
      "TomsToolbox.Composition.Analyzer": {
        "type": "Direct",
        "requested": "[2.24.0, )",
        "resolved": "2.24.0",
        "contentHash": "dKHqW1MeAMnDIbtx8qDTsGwy/7LUiQ3ccdzHX0PzCh1r98Lgl/1deIky9+ojZO0K5HjeA7uE+eW9/h+v7EOIBA=="
      },
      "icsharpcode.decompiler": {
        "type": "Project",
        "dependencies": {
          "System.Collections.Immutable": "[9.0.0, )",
          "System.Reflection.Metadata": "[9.0.0, )"
        }
      },
      "System.Collections.Immutable": {
        "type": "CentralTransitive",
        "requested": "[10.0.9, )",
        "resolved": "10.0.9",
        "contentHash": "ci6tokGOzXpemLiZeMrSlA8xKdU43cIO0spbHH+vLaoFMA+fI8CHI3Np3D78jC7EZZrC9jiHDj0VlVK962hzsw=="
      },
      "System.Reflection.Metadata": {
        "type": "CentralTransitive",
        "requested": "[10.0.9, )",
        "resolved": "10.0.9",
        "contentHash": "RDMS79w3l00LkkvmOxmeF8rrISmPNCR2Xs/0gun8IAyuEP+ktS9D/jue1dpVHDaqIVXpC/QQFEvE8PpmkhOrEQ=="
      }
    },
    "net10.0/linux-x64": {},
    "net10.0/osx-arm64": {},
    "net10.0/win-arm64": {},
    "net10.0/win-x64": {}
  }
}