{
  "version": 2,
  "dependencies": {
    "net8.0": {
      "TomsToolbox.Composition.Analyzer": {
        "type": "Direct",
        "requested": "[2.21.0, )",
        "resolved": "2.21.0",
        "contentHash": "vJx9hxAzjni34slGz78ewqYP9Ylk8dJszfEUK1TF5cflVKMBO3ORSFd0FtICTwJtE8munvZrMrcLWwXt5bIcEA=="
      }
    }
  }
}