name: 'Lock threads'

on:
  schedule:
    - cron: '0 0 * * *'

permissions:
  contents: read

jobs:
  lock:
    permissions:
      issues: write  # for dessant/lock-threads to lock issues
    runs-on: ubuntu-latest
    steps:
      - uses: dessant/lock-threads@v5.0.1
        with:
          github-token: ${{ github.token }}
          issue-inactive-days: '90'
          issue-lock-reason: 'resolved'
          process-only: 'issues'
